// !$*UTF8*$!
{
	archiveVersion = 1;
	classes = {
	};
	objectVersion = 77;
	objects = {

/* Begin PBXBuildFile section */
		07F3495938687229A4A95457 /* MatchModel.swift in Sources */ = {isa = PBXBuildFile; fileRef = 54E0D0EBC83EA99EE768B07C /* MatchModel.swift */; };
		0828509A141D353DE64434E9 /* PhotoAuditViewModel.swift in Sources */ = {isa = PBXBuildFile; fileRef = DBF12F41146BB80249527B05 /* PhotoAuditViewModel.swift */; };
		09B4D9267632BBF03E1F80EE /* AddMatchView.swift in Sources */ = {isa = PBXBuildFile; fileRef = 27ACDC055F37AC1A5A414E4E /* AddMatchView.swift */; };
		09BA79605921446AEA2525B8 /* OnboardingResumePromptView.swift in Sources */ = {isa = PBXBuildFile; fileRef = 57E95F9CFEDBACFE108E0F39 /* OnboardingResumePromptView.swift */; };
		09CF7B9D7648F21CA5F1E1B5 /* PhotoPack+DemoData.swift in Sources */ = {isa = PBXBuildFile; fileRef = A21681197ABC103BB092F043 /* PhotoPack+DemoData.swift */; };
		0E37B76DBE21017C02E3B1FE /* PhotoLibraryService.swift in Sources */ = {isa = PBXBuildFile; fileRef = CB9D6C81381FD9C88BE5B94F /* PhotoLibraryService.swift */; };
		11AF459D270CE3E4B53EBC26 /* HapticManager.swift in Sources */ = {isa = PBXBuildFile; fileRef = 12FCC488385D0DE0D3FBC3FE /* HapticManager.swift */; };
		11B160CFE2393615A55AE353 /* ShareSheet.swift in Sources */ = {isa = PBXBuildFile; fileRef = 05FB28ADE9B8039CAD92C42F /* ShareSheet.swift */; };
		14D1B7D40556F5C4515EF9D6 /* CoachView.swift in Sources */ = {isa = PBXBuildFile; fileRef = FA527A2343B1451620BAA531 /* CoachView.swift */; };
		167F45C9F000D4C828EDD5EE /* PHPickerSheet.swift in Sources */ = {isa = PBXBuildFile; fileRef = 5CE7EE035980A46F7CBEAE29 /* PHPickerSheet.swift */; };
		177F9704FA0C511AA9AACE7C /* GenerationTipsView.swift in Sources */ = {isa = PBXBuildFile; fileRef = 86962B847609C3E672068CFC /* GenerationTipsView.swift */; };
		1DC4905C0F673DAD2CCBA672 /* ToolsHubView.swift in Sources */ = {isa = PBXBuildFile; fileRef = 2993E988AAD878A7C4B2F58D /* ToolsHubView.swift */; };
		1F97824DB84C695CFADED311 /* PhotoComparisonView.swift in Sources */ = {isa = PBXBuildFile; fileRef = 7BA503BC7CB9D3845A2FB76E /* PhotoComparisonView.swift */; };
		228A4FB04B03E7AB50B5089D /* GenerateView.swift in Sources */ = {isa = PBXBuildFile; fileRef = C277F423C477672433D26A46 /* GenerateView.swift */; };
		24715E98E02EF73C9DF6B3A3 /* FirebaseAuth in Frameworks */ = {isa = PBXBuildFile; productRef = FF826BF9BD3ACDA2B4B657F1 /* FirebaseAuth */; };
		24CAE72831C5D8686A5F6013 /* PostHog in Frameworks */ = {isa = PBXBuildFile; productRef = 8EC1097CAE9654D20FD7806F /* PostHog */; };
		251B17C7067466EC2BAAACD7 /* PhotoPickerViewModel.swift in Sources */ = {isa = PBXBuildFile; fileRef = 627AB2CF8A5C95CF2194C47E /* PhotoPickerViewModel.swift */; };
		2ACC1F1B48B4FE7C5EF63440 /* ProfilePreviewView.swift in Sources */ = {isa = PBXBuildFile; fileRef = DBCDAC804046EB3748B615D9 /* ProfilePreviewView.swift */; };
		3042D01002919BC525EB004C /* ChatMessage.swift in Sources */ = {isa = PBXBuildFile; fileRef = E38D8916B6B86B3B3F34C12D /* ChatMessage.swift */; };
		3F890DA4A900755F8B31800C /* GigaRizzTests.swift in Sources */ = {isa = PBXBuildFile; fileRef = 80525043E6165C988CDA301C /* GigaRizzTests.swift */; };
		47084037144A9AF6E74F8808 /* RizzCoachDashboardView.swift in Sources */ = {isa = PBXBuildFile; fileRef = 0C926641C1F7D0A54F963CF9 /* RizzCoachDashboardView.swift */; };
		4897191A08D8B0A9BB5E9E65 /* SignInView.swift in Sources */ = {isa = PBXBuildFile; fileRef = D40A9783F89E6E9C937D4313 /* SignInView.swift */; };
		49B782ACB3DB70B8AFF1388E /* GeneratedPhotosGalleryView.swift in Sources */ = {isa = PBXBuildFile; fileRef = E692458703523FF53BF76F33 /* GeneratedPhotosGalleryView.swift */; };
		4A05F753EF1ADC3A3890D643 /* RizzTipCard.swift in Sources */ = {isa = PBXBuildFile; fileRef = 968982CF6D829164203ADA68 /* RizzTipCard.swift */; };
		4B1B4CF55DD356E9D42FFF6D /* PhotoPickerView.swift in Sources */ = {isa = PBXBuildFile; fileRef = AC754BA427734B785AAB655F /* PhotoPickerView.swift */; };
		4C0C7186D53DC850B6CC7647 /* GeneratedPhotosGalleryViewModel.swift in Sources */ = {isa = PBXBuildFile; fileRef = 881D73C42ACC1F514E07B448 /* GeneratedPhotosGalleryViewModel.swift */; };
		4C722F468EC6BEA5103AC864 /* FavoritesViewModel.swift in Sources */ = {isa = PBXBuildFile; fileRef = B357084A0B55E74C89CD7F84 /* FavoritesViewModel.swift */; };
		4F3B0267BB4B89A4106D9E6C /* MatchInboxViewModel.swift in Sources */ = {isa = PBXBuildFile; fileRef = 56FF599CFA48AB3386915EB3 /* MatchInboxViewModel.swift */; };
		4F556934BBF66A63BE59B3A1 /* BeforeAfterShareView.swift in Sources */ = {isa = PBXBuildFile; fileRef = 468C42D376A0CB15BC0A3C6C /* BeforeAfterShareView.swift */; };
		55B6711623E3715741DEC9C7 /* StylePreset.swift in Sources */ = {isa = PBXBuildFile; fileRef = 3D43BF3150F2A4D233B24EEE /* StylePreset.swift */; };
		5705FC193E69520B8BFA7921 /* FirstGenerationFlowView.swift in Sources */ = {isa = PBXBuildFile; fileRef = 3FDB6C9AA0DA8023C88256D8 /* FirstGenerationFlowView.swift */; };
		5A50FD2339D83D88DBE3F7BE /* AuthManager.swift in Sources */ = {isa = PBXBuildFile; fileRef = FF044D066B14BB54FDCA8D9A /* AuthManager.swift */; };
		5BA02A3B076C46DE049DBA3E /* RevenueCat in Frameworks */ = {isa = PBXBuildFile; productRef = 18662EDD693A194C4735E46A /* RevenueCat */; };
		5BD3BBDB04341F1AD6BCE740 /* Kingfisher in Frameworks */ = {isa = PBXBuildFile; productRef = 3ACD71821CA50C08195C451B /* Kingfisher */; };
		5E948AA31C684701F275733B /* PhotoQualityAnalyzer.swift in Sources */ = {isa = PBXBuildFile; fileRef = 65157ED82B2A0F48E273E014 /* PhotoQualityAnalyzer.swift */; };
		61F79AB3D186F0B0834E561F /* GigaRizzUITests.swift in Sources */ = {isa = PBXBuildFile; fileRef = E1DFBA687037EA2CA15C3681 /* GigaRizzUITests.swift */; };
		63C020963F8F245E45860430 /* MainTabView.swift in Sources */ = {isa = PBXBuildFile; fileRef = 0F5D701F8726B37572BCAEBF /* MainTabView.swift */; };
		6AD50A66E6B06896D3E80C9D /* FirstGenerationViewModel.swift in Sources */ = {isa = PBXBuildFile; fileRef = 19EBF295F9847D439BD8A7C5 /* FirstGenerationViewModel.swift */; };
		6ADD4F9588127C2A6F0B435C /* FavoritesGalleryView.swift in Sources */ = {isa = PBXBuildFile; fileRef = CB08C1759FFED8D9FEDA29EE /* FavoritesGalleryView.swift */; };
		6B6D0D616ECB13545144A8E4 /* SnapKit in Frameworks */ = {isa = PBXBuildFile; productRef = 0FD2A7F64E5572764412F3AC /* SnapKit */; };
		6DC6FEBAAA9CA42B91576354 /* AIGenerationService.swift in Sources */ = {isa = PBXBuildFile; fileRef = E80D96DC49FA3D51691C3699 /* AIGenerationService.swift */; };
		6FBC6BDFDAD464E54EE28835 /* PhotoAuditView.swift in Sources */ = {isa = PBXBuildFile; fileRef = 5A0E38BCE2E268A6CF768B41 /* PhotoAuditView.swift */; };
		70064D05FD5875FE172624A2 /* RizzCoachViewModel.swift in Sources */ = {isa = PBXBuildFile; fileRef = 01BE3D86958EC3A1DBA3FFE1 /* RizzCoachViewModel.swift */; };
		727C34B468FD7F63E0748275 /* CoachViewModel.swift in Sources */ = {isa = PBXBuildFile; fileRef = 01EB93A4DF9AFB701AA149B0 /* CoachViewModel.swift */; };
		7533467C0DD7F31073564942 /* PostHogManager.swift in Sources */ = {isa = PBXBuildFile; fileRef = DC3A7D6C19AFECB3D15EBE6C /* PostHogManager.swift */; };
		7B73827B1D05F4DD26CE3FEA /* CoachService.swift in Sources */ = {isa = PBXBuildFile; fileRef = 762CE5CAA525B372E9C22BE9 /* CoachService.swift */; };
		7CBA6D6BE54A15B270FC5F46 /* Assets.xcassets in Resources */ = {isa = PBXBuildFile; fileRef = 664F72CC6B63018EBE8BCBC6 /* Assets.xcassets */; };
		7DB30F245702294281E43F22 /* ShareService.swift in Sources */ = {isa = PBXBuildFile; fileRef = 4F6A2B7AD3A3887B8BD86CF3 /* ShareService.swift */; };
		7E11238E667A23635A13EDC8 /* ProfileView.swift in Sources */ = {isa = PBXBuildFile; fileRef = 77F49FCAFFE752C731AD3C66 /* ProfileView.swift */; };
		860A5BFBA705A169F970E783 /* PaywallViewModel.swift in Sources */ = {isa = PBXBuildFile; fileRef = 73ECEEF23D67F4276DA6158C /* PaywallViewModel.swift */; };
		884DF129FE5252A900D6B891 /* LaunchScreenView.swift in Sources */ = {isa = PBXBuildFile; fileRef = 398A1380E103F2774685DCAE /* LaunchScreenView.swift */; };
		8888E9BA7AD10776961B89C3 /* DesignSystem.swift in Sources */ = {isa = PBXBuildFile; fileRef = 771A6980E69DDA58928A77B5 /* DesignSystem.swift */; };
		888CD699D163446317D2F07F /* AppRatingView.swift in Sources */ = {isa = PBXBuildFile; fileRef = 19BD213F248B9EE41CF6C92D /* AppRatingView.swift */; };
		8A41855389D8F5BC7A18DD62 /* AppRatingManager.swift in Sources */ = {isa = PBXBuildFile; fileRef = 9C3AEC7B0E5D2C4ED0C10ACD /* AppRatingManager.swift */; };
		8D4BFEA1561F3DABFF29D125 /* FirebaseStorage in Frameworks */ = {isa = PBXBuildFile; productRef = 1C4B36F03ED8CAA06A31892E /* FirebaseStorage */; };
		8D72091D56A24F2C61A59EDC /* PaywallView.swift in Sources */ = {isa = PBXBuildFile; fileRef = 859EEBB906EF7DA9074D21F5 /* PaywallView.swift */; };
		8ECBA71BA1B4B198EF511FF7 /* PhotoPacksView.swift in Sources */ = {isa = PBXBuildFile; fileRef = 34FDEFCC77AAF81F8B5DA8DC /* PhotoPacksView.swift */; };
		8F749A1F9519602718F35DF0 /* FirebaseFirestore in Frameworks */ = {isa = PBXBuildFile; productRef = 6C546D7C8FE5A9537BB1B130 /* FirebaseFirestore */; };
		917E90912642712ECDFED06C /* FirebaseAnalytics in Frameworks */ = {isa = PBXBuildFile; productRef = 479B99EB76155E5D53EF09E5 /* FirebaseAnalytics */; };
		95B5D59C729EAFD6991AE849 /* PhotoQualityIssue.swift in Sources */ = {isa = PBXBuildFile; fileRef = DD5E0B4932B80706F0AABB88 /* PhotoQualityIssue.swift */; };
		986CA2E30C32791E2F48CBA2 /* GenerationLoadingView.swift in Sources */ = {isa = PBXBuildFile; fileRef = FEAE5768D9AC48FF9548FA29 /* GenerationLoadingView.swift */; };
		9F15E65A4E663969437B977B /* WeeklyRizzReportView.swift in Sources */ = {isa = PBXBuildFile; fileRef = 295D99DBDE4CC7944E3A414E /* WeeklyRizzReportView.swift */; };
		A255EDB42A2B5BB8F94DD59C /* RateLimiter.swift in Sources */ = {isa = PBXBuildFile; fileRef = 7782E1C80C9E49C8F0B39729 /* RateLimiter.swift */; };
		A34588E89DA7AC7DB5ED3D8E /* RizzScoreCard.swift in Sources */ = {isa = PBXBuildFile; fileRef = 4E4C556C0D13E6B51CC1EC24 /* RizzScoreCard.swift */; };
		A8BC2A7C0C5851EB9C63846F /* ChatSuggestionBar.swift in Sources */ = {isa = PBXBuildFile; fileRef = 16A461B7AC96D2E40A200905 /* ChatSuggestionBar.swift */; };
		B18449BDAB37CF547644F2EA /* FullScreenPhotoPreviewView.swift in Sources */ = {isa = PBXBuildFile; fileRef = 39A766413B24526ECE697276 /* FullScreenPhotoPreviewView.swift */; };
		B32A47DFDAB4B85C0F5ADCB4 /* ChatView.swift in Sources */ = {isa = PBXBuildFile; fileRef = 018C0185C8E7C67B378D5A00 /* ChatView.swift */; };
		BA9498F56F0268E36E084A60 /* TierCardView.swift in Sources */ = {isa = PBXBuildFile; fileRef = 1F2C751AA6115561C6090DD5 /* TierCardView.swift */; };
		BC80C98DAF2A22FA97AA6674 /* PremiumBadge.swift in Sources */ = {isa = PBXBuildFile; fileRef = AF80505BFE1C5B4A1F61812D /* PremiumBadge.swift */; };
		BDA18D8F727A0E538DA1F675 /* BackgroundReplacerView.swift in Sources */ = {isa = PBXBuildFile; fileRef = D1BE05C5361F4F0B6D06CB99 /* BackgroundReplacerView.swift */; };
		BEBC155E96B18B66C58523E1 /* ChatViewModel.swift in Sources */ = {isa = PBXBuildFile; fileRef = 45475E83909CBE53112C0900 /* ChatViewModel.swift */; };
		C239059B870A9DE6503B416B /* SubscriptionManager.swift in Sources */ = {isa = PBXBuildFile; fileRef = 68BA81384D47610FDEFEA3E1 /* SubscriptionManager.swift */; };
		C2CFEA339C5F5E99D0537172 /* ScreenshotTestHelper.swift in Sources */ = {isa = PBXBuildFile; fileRef = 9E73EA2477A3D71BE96B1198 /* ScreenshotTestHelper.swift */; };
		C4E0EB5E894EE414F7F78E51 /* GenerationResultView.swift in Sources */ = {isa = PBXBuildFile; fileRef = A052E2A6CE99F9D561649B8D /* GenerationResultView.swift */; };
		C5C97152CF00B94E29DA49C5 /* RizzCoachModels.swift in Sources */ = {isa = PBXBuildFile; fileRef = CD471BE3EB7435C1DD6FC181 /* RizzCoachModels.swift */; };
		C73EF4F981AF555D69AF5476 /* BioWriterView.swift in Sources */ = {isa = PBXBuildFile; fileRef = 16AE4A40F0549C69C4889419 /* BioWriterView.swift */; };
		C7D57B3314FBF3CCB548DF42 /* PermissionEducationView.swift in Sources */ = {isa = PBXBuildFile; fileRef = 58B3FC7203B581442F6FD7EB /* PermissionEducationView.swift */; };
		CA6130FC8035FC862CE415F8 /* NotificationSettingsView.swift in Sources */ = {isa = PBXBuildFile; fileRef = E288299C6545840AB3D8B823 /* NotificationSettingsView.swift */; };
		CB9700264360001A69A656D2 /* StorageManager.swift in Sources */ = {isa = PBXBuildFile; fileRef = A796CF26DDB94DBA41350550 /* StorageManager.swift */; };
		CDC83D3245D1B24F632AE8D6 /* CloudFunctionsService.swift in Sources */ = {isa = PBXBuildFile; fileRef = A3CF9F9F86F928AA38602579 /* CloudFunctionsService.swift */; };
		D2BA42C3AC9EAEA59BA1AF77 /* BioWriterViewModel.swift in Sources */ = {isa = PBXBuildFile; fileRef = 3A548541E642578F8BC8E19C /* BioWriterViewModel.swift */; };
		D2EEFD230793F0E6133A78B1 /* OnboardingView.swift in Sources */ = {isa = PBXBuildFile; fileRef = EABFD24F40F5018F5F0C76E6 /* OnboardingView.swift */; };
		D6B072C0E815F49DCF016E67 /* SharePromptView.swift in Sources */ = {isa = PBXBuildFile; fileRef = 77439C9EFEEACA9F69A184FC /* SharePromptView.swift */; };
		E0782A6727E0EE18AC7A0096 /* ProfileCompletenessView.swift in Sources */ = {isa = PBXBuildFile; fileRef = F41E437B47C13F9E3CCFB709 /* ProfileCompletenessView.swift */; };
		E0D61A8EB360AC96FCFBF6DE /* GenerateViewModel.swift in Sources */ = {isa = PBXBuildFile; fileRef = BC59BF99B3A522FC7F4BD807 /* GenerateViewModel.swift */; };
		E4B7C006D4ADBF006442CA77 /* NotificationManager.swift in Sources */ = {isa = PBXBuildFile; fileRef = 1BD5950DD8B3A5EE578F6144 /* NotificationManager.swift */; };
		E5129FA86B7C0BCECAB955E0 /* OnboardingViewModel.swift in Sources */ = {isa = PBXBuildFile; fileRef = D721F13DA69EDEA69D0B6324 /* OnboardingViewModel.swift */; };
		E524CE40274FAA4B15F642A8 /* GigaRizzApp.swift in Sources */ = {isa = PBXBuildFile; fileRef = C4999B0A3C3D5BA1FD6C2B7E /* GigaRizzApp.swift */; };
		E764E1BC86B2716EDBD7A956 /* AccessibilityHelpers.swift in Sources */ = {isa = PBXBuildFile; fileRef = AD9AD9A92BA5733DCD340AA6 /* AccessibilityHelpers.swift */; };
		E89386DDCF92D398C0D2E0CA /* PhotoModel.swift in Sources */ = {isa = PBXBuildFile; fileRef = D6233D056D0B7A10738D2F5C /* PhotoModel.swift */; };
		E97813F160D6FDD26E794D13 /* BioStrengthMeter.swift in Sources */ = {isa = PBXBuildFile; fileRef = E1FE95FE09BA3D814B95FD01 /* BioStrengthMeter.swift */; };
		E9A9972EB735E94CBE8A96FD /* MatchInboxView.swift in Sources */ = {isa = PBXBuildFile; fileRef = 4A0F220CE10BD2C5715FE293 /* MatchInboxView.swift */; };
		EB7177E0E5CDAF49B0D844B0 /* AnalyticsDashboardView.swift in Sources */ = {isa = PBXBuildFile; fileRef = 4AB6EAB7092E24EC5F0182DB /* AnalyticsDashboardView.swift */; };
		EBD8891EEABCE6A2E53E6B6C /* AnalyticsDashboardViewModel.swift in Sources */ = {isa = PBXBuildFile; fileRef = 4C87434085205F077DB4F389 /* AnalyticsDashboardViewModel.swift */; };
		EBFBD93305D5B59E8548663F /* ResponseTimeTrackerView.swift in Sources */ = {isa = PBXBuildFile; fileRef = 544291A9D2E84F87825B3197 /* ResponseTimeTrackerView.swift */; };
		EE383FD702BC64C6CB87A337 /* GRComponents.swift in Sources */ = {isa = PBXBuildFile; fileRef = 523FBC7A73A632B307693DC5 /* GRComponents.swift */; };
		F94E42EC010AA53AC80A26F3 /* ShareConfiguration.swift in Sources */ = {isa = PBXBuildFile; fileRef = 8E1FE3EBEB890A9C692AAF2A /* ShareConfiguration.swift */; };
		FA5C540A17A72D270DBAF431 /* ProfileCompletenessViewModel.swift in Sources */ = {isa = PBXBuildFile; fileRef = C9E766333B03BAC5A0036DB9 /* ProfileCompletenessViewModel.swift */; };
		FAAD1B1DEEF34F5EF178B5BF /* SettingsView.swift in Sources */ = {isa = PBXBuildFile; fileRef = D04044853DD09EA424506D2F /* SettingsView.swift */; };
		FCC25A57E42BF5C5CB69705C /* MatchDetailView.swift in Sources */ = {isa = PBXBuildFile; fileRef = 59E6D82BF7273BF14619B5BD /* MatchDetailView.swift */; };
		FE2234BAD8CB4B2822DC4790 /* MatchesView.swift in Sources */ = {isa = PBXBuildFile; fileRef = CB7A4B2EC7B04F30CC5252A1 /* MatchesView.swift */; };
		FEF1ED44644BCFC05200D6E6 /* MatchesViewModel.swift in Sources */ = {isa = PBXBuildFile; fileRef = B4D1A8F547E6E8631AE0F136 /* MatchesViewModel.swift */; };
		FF56683B9004E4196DF3AABB /* PhotoPack.swift in Sources */ = {isa = PBXBuildFile; fileRef = FB6EFBA315394EFC7F48FDC0 /* PhotoPack.swift */; };
		FF9FB5A106BFD16626E6E83A /* PhotoPerformanceCard.swift in Sources */ = {isa = PBXBuildFile; fileRef = 39990244FCECB24250F8F92F /* PhotoPerformanceCard.swift */; };
/* End PBXBuildFile section */

/* Begin PBXContainerItemProxy section */
		7424045F4A6E218CA2C9A648 /* PBXContainerItemProxy */ = {
			isa = PBXContainerItemProxy;
			containerPortal = A6FF49540713C0EB7C5B537C /* Project object */;
			proxyType = 1;
			remoteGlobalIDString = 4DC745B1AD0D227FF86CC28E;
			remoteInfo = GigaRizz;
		};
		79F424F7F45EEA4354AFE719 /* PBXContainerItemProxy */ = {
			isa = PBXContainerItemProxy;
			containerPortal = A6FF49540713C0EB7C5B537C /* Project object */;
			proxyType = 1;
			remoteGlobalIDString = 4DC745B1AD0D227FF86CC28E;
			remoteInfo = GigaRizz;
		};
/* End PBXContainerItemProxy section */

/* Begin PBXFileReference section */
		018C0185C8E7C67B378D5A00 /* ChatView.swift */ = {isa = PBXFileReference; lastKnownFileType = sourcecode.swift; path = ChatView.swift; sourceTree = "<group>"; };
		01BE3D86958EC3A1DBA3FFE1 /* RizzCoachViewModel.swift */ = {isa = PBXFileReference; lastKnownFileType = sourcecode.swift; path = RizzCoachViewModel.swift; sourceTree = "<group>"; };
		01EB93A4DF9AFB701AA149B0 /* CoachViewModel.swift */ = {isa = PBXFileReference; lastKnownFileType = sourcecode.swift; path = CoachViewModel.swift; sourceTree = "<group>"; };
		05FB28ADE9B8039CAD92C42F /* ShareSheet.swift */ = {isa = PBXFileReference; lastKnownFileType = sourcecode.swift; path = ShareSheet.swift; sourceTree = "<group>"; };
		0C926641C1F7D0A54F963CF9 /* RizzCoachDashboardView.swift */ = {isa = PBXFileReference; lastKnownFileType = sourcecode.swift; path = RizzCoachDashboardView.swift; sourceTree = "<group>"; };
		0F5D701F8726B37572BCAEBF /* MainTabView.swift */ = {isa = PBXFileReference; lastKnownFileType = sourcecode.swift; path = MainTabView.swift; sourceTree = "<group>"; };
		12FCC488385D0DE0D3FBC3FE /* HapticManager.swift */ = {isa = PBXFileReference; lastKnownFileType = sourcecode.swift; path = HapticManager.swift; sourceTree = "<group>"; };
		16A461B7AC96D2E40A200905 /* ChatSuggestionBar.swift */ = {isa = PBXFileReference; lastKnownFileType = sourcecode.swift; path = ChatSuggestionBar.swift; sourceTree = "<group>"; };
		16AE4A40F0549C69C4889419 /* BioWriterView.swift */ = {isa = PBXFileReference; lastKnownFileType = sourcecode.swift; path = BioWriterView.swift; sourceTree = "<group>"; };
		19BD213F248B9EE41CF6C92D /* AppRatingView.swift */ = {isa = PBXFileReference; lastKnownFileType = sourcecode.swift; path = AppRatingView.swift; sourceTree = "<group>"; };
		19EBF295F9847D439BD8A7C5 /* FirstGenerationViewModel.swift */ = {isa = PBXFileReference; lastKnownFileType = sourcecode.swift; path = FirstGenerationViewModel.swift; sourceTree = "<group>"; };
		1BD5950DD8B3A5EE578F6144 /* NotificationManager.swift */ = {isa = PBXFileReference; lastKnownFileType = sourcecode.swift; path = NotificationManager.swift; sourceTree = "<group>"; };
		1CE06EB1387E067638BDCFA0 /* GigaRizzUITests.xctest */ = {isa = PBXFileReference; includeInIndex = 0; lastKnownFileType = wrapper.cfbundle; path = GigaRizzUITests.xctest; sourceTree = BUILT_PRODUCTS_DIR; };
		1F2C751AA6115561C6090DD5 /* TierCardView.swift */ = {isa = PBXFileReference; lastKnownFileType = sourcecode.swift; path = TierCardView.swift; sourceTree = "<group>"; };
		27ACDC055F37AC1A5A414E4E /* AddMatchView.swift */ = {isa = PBXFileReference; lastKnownFileType = sourcecode.swift; path = AddMatchView.swift; sourceTree = "<group>"; };
		295D99DBDE4CC7944E3A414E /* WeeklyRizzReportView.swift */ = {isa = PBXFileReference; lastKnownFileType = sourcecode.swift; path = WeeklyRizzReportView.swift; sourceTree = "<group>"; };
		2993E988AAD878A7C4B2F58D /* ToolsHubView.swift */ = {isa = PBXFileReference; lastKnownFileType = sourcecode.swift; path = ToolsHubView.swift; sourceTree = "<group>"; };
		2BD6FE4338DA841B0740EA20 /* GigaRizz.app */ = {isa = PBXFileReference; includeInIndex = 0; lastKnownFileType = wrapper.application; path = GigaRizz.app; sourceTree = BUILT_PRODUCTS_DIR; };
		34FDEFCC77AAF81F8B5DA8DC /* PhotoPacksView.swift */ = {isa = PBXFileReference; lastKnownFileType = sourcecode.swift; path = PhotoPacksView.swift; sourceTree = "<group>"; };
		358CA004F86D26818C21D354 /* GigaRizzTests.xctest */ = {isa = PBXFileReference; includeInIndex = 0; lastKnownFileType = wrapper.cfbundle; path = GigaRizzTests.xctest; sourceTree = BUILT_PRODUCTS_DIR; };
		398A1380E103F2774685DCAE /* LaunchScreenView.swift */ = {isa = PBXFileReference; lastKnownFileType = sourcecode.swift; path = LaunchScreenView.swift; sourceTree = "<group>"; };
		39990244FCECB24250F8F92F /* PhotoPerformanceCard.swift */ = {isa = PBXFileReference; lastKnownFileType = sourcecode.swift; path = PhotoPerformanceCard.swift; sourceTree = "<group>"; };
		39A766413B24526ECE697276 /* FullScreenPhotoPreviewView.swift */ = {isa = PBXFileReference; lastKnownFileType = sourcecode.swift; path = FullScreenPhotoPreviewView.swift; sourceTree = "<group>"; };
		3A548541E642578F8BC8E19C /* BioWriterViewModel.swift */ = {isa = PBXFileReference; lastKnownFileType = sourcecode.swift; path = BioWriterViewModel.swift; sourceTree = "<group>"; };
		3D43BF3150F2A4D233B24EEE /* StylePreset.swift */ = {isa = PBXFileReference; lastKnownFileType = sourcecode.swift; path = StylePreset.swift; sourceTree = "<group>"; };
		3FDB6C9AA0DA8023C88256D8 /* FirstGenerationFlowView.swift */ = {isa = PBXFileReference; lastKnownFileType = sourcecode.swift; path = FirstGenerationFlowView.swift; sourceTree = "<group>"; };
		45475E83909CBE53112C0900 /* ChatViewModel.swift */ = {isa = PBXFileReference; lastKnownFileType = sourcecode.swift; path = ChatViewModel.swift; sourceTree = "<group>"; };
		468C42D376A0CB15BC0A3C6C /* BeforeAfterShareView.swift */ = {isa = PBXFileReference; lastKnownFileType = sourcecode.swift; path = BeforeAfterShareView.swift; sourceTree = "<group>"; };
		4A0F220CE10BD2C5715FE293 /* MatchInboxView.swift */ = {isa = PBXFileReference; lastKnownFileType = sourcecode.swift; path = MatchInboxView.swift; sourceTree = "<group>"; };
		4AB6EAB7092E24EC5F0182DB /* AnalyticsDashboardView.swift */ = {isa = PBXFileReference; lastKnownFileType = sourcecode.swift; path = AnalyticsDashboardView.swift; sourceTree = "<group>"; };
		4C87434085205F077DB4F389 /* AnalyticsDashboardViewModel.swift */ = {isa = PBXFileReference; lastKnownFileType = sourcecode.swift; path = AnalyticsDashboardViewModel.swift; sourceTree = "<group>"; };
		4E4C556C0D13E6B51CC1EC24 /* RizzScoreCard.swift */ = {isa = PBXFileReference; lastKnownFileType = sourcecode.swift; path = RizzScoreCard.swift; sourceTree = "<group>"; };
		4F6A2B7AD3A3887B8BD86CF3 /* ShareService.swift */ = {isa = PBXFileReference; lastKnownFileType = sourcecode.swift; path = ShareService.swift; sourceTree = "<group>"; };
		523FBC7A73A632B307693DC5 /* GRComponents.swift */ = {isa = PBXFileReference; lastKnownFileType = sourcecode.swift; path = GRComponents.swift; sourceTree = "<group>"; };
		544291A9D2E84F87825B3197 /* ResponseTimeTrackerView.swift */ = {isa = PBXFileReference; lastKnownFileType = sourcecode.swift; path = ResponseTimeTrackerView.swift; sourceTree = "<group>"; };
		54E0D0EBC83EA99EE768B07C /* MatchModel.swift */ = {isa = PBXFileReference; lastKnownFileType = sourcecode.swift; path = MatchModel.swift; sourceTree = "<group>"; };
		56FF599CFA48AB3386915EB3 /* MatchInboxViewModel.swift */ = {isa = PBXFileReference; lastKnownFileType = sourcecode.swift; path = MatchInboxViewModel.swift; sourceTree = "<group>"; };
		57E95F9CFEDBACFE108E0F39 /* OnboardingResumePromptView.swift */ = {isa = PBXFileReference; lastKnownFileType = sourcecode.swift; path = OnboardingResumePromptView.swift; sourceTree = "<group>"; };
		58B3FC7203B581442F6FD7EB /* PermissionEducationView.swift */ = {isa = PBXFileReference; lastKnownFileType = sourcecode.swift; path = PermissionEducationView.swift; sourceTree = "<group>"; };
		59E6D82BF7273BF14619B5BD /* MatchDetailView.swift */ = {isa = PBXFileReference; lastKnownFileType = sourcecode.swift; path = MatchDetailView.swift; sourceTree = "<group>"; };
		5A0E38BCE2E268A6CF768B41 /* PhotoAuditView.swift */ = {isa = PBXFileReference; lastKnownFileType = sourcecode.swift; path = PhotoAuditView.swift; sourceTree = "<group>"; };
		5CE7EE035980A46F7CBEAE29 /* PHPickerSheet.swift */ = {isa = PBXFileReference; lastKnownFileType = sourcecode.swift; path = PHPickerSheet.swift; sourceTree = "<group>"; };
		627AB2CF8A5C95CF2194C47E /* PhotoPickerViewModel.swift */ = {isa = PBXFileReference; lastKnownFileType = sourcecode.swift; path = PhotoPickerViewModel.swift; sourceTree = "<group>"; };
		65157ED82B2A0F48E273E014 /* PhotoQualityAnalyzer.swift */ = {isa = PBXFileReference; lastKnownFileType = sourcecode.swift; path = PhotoQualityAnalyzer.swift; sourceTree = "<group>"; };
		664F72CC6B63018EBE8BCBC6 /* Assets.xcassets */ = {isa = PBXFileReference; lastKnownFileType = folder.assetcatalog; path = Assets.xcassets; sourceTree = "<group>"; };
		68BA81384D47610FDEFEA3E1 /* SubscriptionManager.swift */ = {isa = PBXFileReference; lastKnownFileType = sourcecode.swift; path = SubscriptionManager.swift; sourceTree = "<group>"; };
		73ECEEF23D67F4276DA6158C /* PaywallViewModel.swift */ = {isa = PBXFileReference; lastKnownFileType = sourcecode.swift; path = PaywallViewModel.swift; sourceTree = "<group>"; };
		762CE5CAA525B372E9C22BE9 /* CoachService.swift */ = {isa = PBXFileReference; lastKnownFileType = sourcecode.swift; path = CoachService.swift; sourceTree = "<group>"; };
		771A6980E69DDA58928A77B5 /* DesignSystem.swift */ = {isa = PBXFileReference; lastKnownFileType = sourcecode.swift; path = DesignSystem.swift; sourceTree = "<group>"; };
		77439C9EFEEACA9F69A184FC /* SharePromptView.swift */ = {isa = PBXFileReference; lastKnownFileType = sourcecode.swift; path = SharePromptView.swift; sourceTree = "<group>"; };
		7782E1C80C9E49C8F0B39729 /* RateLimiter.swift */ = {isa = PBXFileReference; lastKnownFileType = sourcecode.swift; path = RateLimiter.swift; sourceTree = "<group>"; };
		77F49FCAFFE752C731AD3C66 /* ProfileView.swift */ = {isa = PBXFileReference; lastKnownFileType = sourcecode.swift; path = ProfileView.swift; sourceTree = "<group>"; };
		7BA503BC7CB9D3845A2FB76E /* PhotoComparisonView.swift */ = {isa = PBXFileReference; lastKnownFileType = sourcecode.swift; path = PhotoComparisonView.swift; sourceTree = "<group>"; };
		80525043E6165C988CDA301C /* GigaRizzTests.swift */ = {isa = PBXFileReference; lastKnownFileType = sourcecode.swift; path = GigaRizzTests.swift; sourceTree = "<group>"; };
		859EEBB906EF7DA9074D21F5 /* PaywallView.swift */ = {isa = PBXFileReference; lastKnownFileType = sourcecode.swift; path = PaywallView.swift; sourceTree = "<group>"; };
		86962B847609C3E672068CFC /* GenerationTipsView.swift */ = {isa = PBXFileReference; lastKnownFileType = sourcecode.swift; path = GenerationTipsView.swift; sourceTree = "<group>"; };
		881D73C42ACC1F514E07B448 /* GeneratedPhotosGalleryViewModel.swift */ = {isa = PBXFileReference; lastKnownFileType = sourcecode.swift; path = GeneratedPhotosGalleryViewModel.swift; sourceTree = "<group>"; };
		8E1FE3EBEB890A9C692AAF2A /* ShareConfiguration.swift */ = {isa = PBXFileReference; lastKnownFileType = sourcecode.swift; path = ShareConfiguration.swift; sourceTree = "<group>"; };
		968982CF6D829164203ADA68 /* RizzTipCard.swift */ = {isa = PBXFileReference; lastKnownFileType = sourcecode.swift; path = RizzTipCard.swift; sourceTree = "<group>"; };
		9A0505E3C0D34F6EFB316804 /* Info.plist */ = {isa = PBXFileReference; lastKnownFileType = text.plist; path = Info.plist; sourceTree = "<group>"; };
		9C3AEC7B0E5D2C4ED0C10ACD /* AppRatingManager.swift */ = {isa = PBXFileReference; lastKnownFileType = sourcecode.swift; path = AppRatingManager.swift; sourceTree = "<group>"; };
		9E73EA2477A3D71BE96B1198 /* ScreenshotTestHelper.swift */ = {isa = PBXFileReference; lastKnownFileType = sourcecode.swift; path = ScreenshotTestHelper.swift; sourceTree = "<group>"; };
		A052E2A6CE99F9D561649B8D /* GenerationResultView.swift */ = {isa = PBXFileReference; lastKnownFileType = sourcecode.swift; path = GenerationResultView.swift; sourceTree = "<group>"; };
		A21681197ABC103BB092F043 /* PhotoPack+DemoData.swift */ = {isa = PBXFileReference; lastKnownFileType = sourcecode.swift; path = "PhotoPack+DemoData.swift"; sourceTree = "<group>"; };
		A3CF9F9F86F928AA38602579 /* CloudFunctionsService.swift */ = {isa = PBXFileReference; lastKnownFileType = sourcecode.swift; path = CloudFunctionsService.swift; sourceTree = "<group>"; };
		A796CF26DDB94DBA41350550 /* StorageManager.swift */ = {isa = PBXFileReference; lastKnownFileType = sourcecode.swift; path = StorageManager.swift; sourceTree = "<group>"; };
		AC754BA427734B785AAB655F /* PhotoPickerView.swift */ = {isa = PBXFileReference; lastKnownFileType = sourcecode.swift; path = PhotoPickerView.swift; sourceTree = "<group>"; };
		AD9AD9A92BA5733DCD340AA6 /* AccessibilityHelpers.swift */ = {isa = PBXFileReference; lastKnownFileType = sourcecode.swift; path = AccessibilityHelpers.swift; sourceTree = "<group>"; };
		AF80505BFE1C5B4A1F61812D /* PremiumBadge.swift */ = {isa = PBXFileReference; lastKnownFileType = sourcecode.swift; path = PremiumBadge.swift; sourceTree = "<group>"; };
		B357084A0B55E74C89CD7F84 /* FavoritesViewModel.swift */ = {isa = PBXFileReference; lastKnownFileType = sourcecode.swift; path = FavoritesViewModel.swift; sourceTree = "<group>"; };
		B4D1A8F547E6E8631AE0F136 /* MatchesViewModel.swift */ = {isa = PBXFileReference; lastKnownFileType = sourcecode.swift; path = MatchesViewModel.swift; sourceTree = "<group>"; };
		BC59BF99B3A522FC7F4BD807 /* GenerateViewModel.swift */ = {isa = PBXFileReference; lastKnownFileType = sourcecode.swift; path = GenerateViewModel.swift; sourceTree = "<group>"; };
		C277F423C477672433D26A46 /* GenerateView.swift */ = {isa = PBXFileReference; lastKnownFileType = sourcecode.swift; path = GenerateView.swift; sourceTree = "<group>"; };
		C4999B0A3C3D5BA1FD6C2B7E /* GigaRizzApp.swift */ = {isa = PBXFileReference; lastKnownFileType = sourcecode.swift; path = GigaRizzApp.swift; sourceTree = "<group>"; };
		C9E766333B03BAC5A0036DB9 /* ProfileCompletenessViewModel.swift */ = {isa = PBXFileReference; lastKnownFileType = sourcecode.swift; path = ProfileCompletenessViewModel.swift; sourceTree = "<group>"; };
		CB08C1759FFED8D9FEDA29EE /* FavoritesGalleryView.swift */ = {isa = PBXFileReference; lastKnownFileType = sourcecode.swift; path = FavoritesGalleryView.swift; sourceTree = "<group>"; };
		CB7A4B2EC7B04F30CC5252A1 /* MatchesView.swift */ = {isa = PBXFileReference; lastKnownFileType = sourcecode.swift; path = MatchesView.swift; sourceTree = "<group>"; };
		CB9D6C81381FD9C88BE5B94F /* PhotoLibraryService.swift */ = {isa = PBXFileReference; lastKnownFileType = sourcecode.swift; path = PhotoLibraryService.swift; sourceTree = "<group>"; };
		CD471BE3EB7435C1DD6FC181 /* RizzCoachModels.swift */ = {isa = PBXFileReference; lastKnownFileType = sourcecode.swift; path = RizzCoachModels.swift; sourceTree = "<group>"; };
		D04044853DD09EA424506D2F /* SettingsView.swift */ = {isa = PBXFileReference; lastKnownFileType = sourcecode.swift; path = SettingsView.swift; sourceTree = "<group>"; };
		D1BE05C5361F4F0B6D06CB99 /* BackgroundReplacerView.swift */ = {isa = PBXFileReference; lastKnownFileType = sourcecode.swift; path = BackgroundReplacerView.swift; sourceTree = "<group>"; };
		D40A9783F89E6E9C937D4313 /* SignInView.swift */ = {isa = PBXFileReference; lastKnownFileType = sourcecode.swift; path = SignInView.swift; sourceTree = "<group>"; };
		D6233D056D0B7A10738D2F5C /* PhotoModel.swift */ = {isa = PBXFileReference; lastKnownFileType = sourcecode.swift; path = PhotoModel.swift; sourceTree = "<group>"; };
		D721F13DA69EDEA69D0B6324 /* OnboardingViewModel.swift */ = {isa = PBXFileReference; lastKnownFileType = sourcecode.swift; path = OnboardingViewModel.swift; sourceTree = "<group>"; };
		DBCDAC804046EB3748B615D9 /* ProfilePreviewView.swift */ = {isa = PBXFileReference; lastKnownFileType = sourcecode.swift; path = ProfilePreviewView.swift; sourceTree = "<group>"; };
		DBF12F41146BB80249527B05 /* PhotoAuditViewModel.swift */ = {isa = PBXFileReference; lastKnownFileType = sourcecode.swift; path = PhotoAuditViewModel.swift; sourceTree = "<group>"; };
		DC3A7D6C19AFECB3D15EBE6C /* PostHogManager.swift */ = {isa = PBXFileReference; lastKnownFileType = sourcecode.swift; path = PostHogManager.swift; sourceTree = "<group>"; };
		DD5E0B4932B80706F0AABB88 /* PhotoQualityIssue.swift */ = {isa = PBXFileReference; lastKnownFileType = sourcecode.swift; path = PhotoQualityIssue.swift; sourceTree = "<group>"; };
		E1DFBA687037EA2CA15C3681 /* GigaRizzUITests.swift */ = {isa = PBXFileReference; lastKnownFileType = sourcecode.swift; path = GigaRizzUITests.swift; sourceTree = "<group>"; };
		E1FE95FE09BA3D814B95FD01 /* BioStrengthMeter.swift */ = {isa = PBXFileReference; lastKnownFileType = sourcecode.swift; path = BioStrengthMeter.swift; sourceTree = "<group>"; };
		E288299C6545840AB3D8B823 /* NotificationSettingsView.swift */ = {isa = PBXFileReference; lastKnownFileType = sourcecode.swift; path = NotificationSettingsView.swift; sourceTree = "<group>"; };
		E38D8916B6B86B3B3F34C12D /* ChatMessage.swift */ = {isa = PBXFileReference; lastKnownFileType = sourcecode.swift; path = ChatMessage.swift; sourceTree = "<group>"; };
		E692458703523FF53BF76F33 /* GeneratedPhotosGalleryView.swift */ = {isa = PBXFileReference; lastKnownFileType = sourcecode.swift; path = GeneratedPhotosGalleryView.swift; sourceTree = "<group>"; };
		E80D96DC49FA3D51691C3699 /* AIGenerationService.swift */ = {isa = PBXFileReference; lastKnownFileType = sourcecode.swift; path = AIGenerationService.swift; sourceTree = "<group>"; };
		EABFD24F40F5018F5F0C76E6 /* OnboardingView.swift */ = {isa = PBXFileReference; lastKnownFileType = sourcecode.swift; path = OnboardingView.swift; sourceTree = "<group>"; };
		F41E437B47C13F9E3CCFB709 /* ProfileCompletenessView.swift */ = {isa = PBXFileReference; lastKnownFileType = sourcecode.swift; path = ProfileCompletenessView.swift; sourceTree = "<group>"; };
		FA527A2343B1451620BAA531 /* CoachView.swift */ = {isa = PBXFileReference; lastKnownFileType = sourcecode.swift; path = CoachView.swift; sourceTree = "<group>"; };
		FB6EFBA315394EFC7F48FDC0 /* PhotoPack.swift */ = {isa = PBXFileReference; lastKnownFileType = sourcecode.swift; path = PhotoPack.swift; sourceTree = "<group>"; };
		FEAE5768D9AC48FF9548FA29 /* GenerationLoadingView.swift */ = {isa = PBXFileReference; lastKnownFileType = sourcecode.swift; path = GenerationLoadingView.swift; sourceTree = "<group>"; };
		FF044D066B14BB54FDCA8D9A /* AuthManager.swift */ = {isa = PBXFileReference; lastKnownFileType = sourcecode.swift; path = AuthManager.swift; sourceTree = "<group>"; };
/* End PBXFileReference section */

/* Begin PBXFrameworksBuildPhase section */
		58E65A64FEA8D763DDF77A16 /* Frameworks */ = {
			isa = PBXFrameworksBuildPhase;
			buildActionMask = 2147483647;
			files = (
				24715E98E02EF73C9DF6B3A3 /* FirebaseAuth in Frameworks */,
				8F749A1F9519602718F35DF0 /* FirebaseFirestore in Frameworks */,
				8D4BFEA1561F3DABFF29D125 /* FirebaseStorage in Frameworks */,
				917E90912642712ECDFED06C /* FirebaseAnalytics in Frameworks */,
				5BA02A3B076C46DE049DBA3E /* RevenueCat in Frameworks */,
				24CAE72831C5D8686A5F6013 /* PostHog in Frameworks */,
				5BD3BBDB04341F1AD6BCE740 /* Kingfisher in Frameworks */,
				6B6D0D616ECB13545144A8E4 /* SnapKit in Frameworks */,
			);
			runOnlyForDeploymentPostprocessing = 0;
		};
/* End PBXFrameworksBuildPhase section */

/* Begin PBXGroup section */
		02FA2E580EA5ACFCC85BA50B /* Profile */ = {
			isa = PBXGroup;
			children = (
				F41E437B47C13F9E3CCFB709 /* ProfileCompletenessView.swift */,
				C9E766333B03BAC5A0036DB9 /* ProfileCompletenessViewModel.swift */,
				77F49FCAFFE752C731AD3C66 /* ProfileView.swift */,
			);
			path = Profile;
			sourceTree = "<group>";
		};
		05C7DEFE013180F372097384 /* Views */ = {
			isa = PBXGroup;
			children = (
				57E95F9CFEDBACFE108E0F39 /* OnboardingResumePromptView.swift */,
				EABFD24F40F5018F5F0C76E6 /* OnboardingView.swift */,
				58B3FC7203B581442F6FD7EB /* PermissionEducationView.swift */,
			);
			path = Views;
			sourceTree = "<group>";
		};
		0690C0C10D4761D9BAAA6E5F /* PhotoAnalysis */ = {
			isa = PBXGroup;
			children = (
				65157ED82B2A0F48E273E014 /* PhotoQualityAnalyzer.swift */,
				DD5E0B4932B80706F0AABB88 /* PhotoQualityIssue.swift */,
			);
			path = PhotoAnalysis;
			sourceTree = "<group>";
		};
		1341DEF56E519D63B7C0B10D /* FirstGeneration */ = {
			isa = PBXGroup;
			children = (
				3FDB6C9AA0DA8023C88256D8 /* FirstGenerationFlowView.swift */,
				19EBF295F9847D439BD8A7C5 /* FirstGenerationViewModel.swift */,
			);
			path = FirstGeneration;
			sourceTree = "<group>";
		};
		237B47C28128FEC3A07BC4EC /* Views */ = {
			isa = PBXGroup;
			children = (
				E1FE95FE09BA3D814B95FD01 /* BioStrengthMeter.swift */,
				39990244FCECB24250F8F92F /* PhotoPerformanceCard.swift */,
				544291A9D2E84F87825B3197 /* ResponseTimeTrackerView.swift */,
				4E4C556C0D13E6B51CC1EC24 /* RizzScoreCard.swift */,
				968982CF6D829164203ADA68 /* RizzTipCard.swift */,
				295D99DBDE4CC7944E3A414E /* WeeklyRizzReportView.swift */,
			);
			path = Views;
			sourceTree = "<group>";
		};
		238D2B9E1E5E1DCC9D16DC37 /* ViewModels */ = {
			isa = PBXGroup;
			children = (
				BC59BF99B3A522FC7F4BD807 /* GenerateViewModel.swift */,
			);
			path = ViewModels;
			sourceTree = "<group>";
		};
		284FCE346C12E6976A039A46 /* Design */ = {
			isa = PBXGroup;
			children = (
				DACA1F4CC31479C9E8C30C9B /* Components */,
				AD9AD9A92BA5733DCD340AA6 /* AccessibilityHelpers.swift */,
				771A6980E69DDA58928A77B5 /* DesignSystem.swift */,
				523FBC7A73A632B307693DC5 /* GRComponents.swift */,
			);
			path = Design;
			sourceTree = "<group>";
		};
		29A1CAF8A296075CA33ADDE2 /* PhotoAudit */ = {
			isa = PBXGroup;
			children = (
				5A0E38BCE2E268A6CF768B41 /* PhotoAuditView.swift */,
				DBF12F41146BB80249527B05 /* PhotoAuditViewModel.swift */,
			);
			path = PhotoAudit;
			sourceTree = "<group>";
		};
		2ADC3FF164E50D4C32E3D1BB /* Preview */ = {
			isa = PBXGroup;
			children = (
				39A766413B24526ECE697276 /* FullScreenPhotoPreviewView.swift */,
				DBCDAC804046EB3748B615D9 /* ProfilePreviewView.swift */,
			);
			path = Preview;
			sourceTree = "<group>";
		};
		2DBF168B14642EBB99AA357C /* Rating */ = {
			isa = PBXGroup;
			children = (
				19BD213F248B9EE41CF6C92D /* AppRatingView.swift */,
			);
			path = Rating;
			sourceTree = "<group>";
		};
		361453623E6938D7FC15ACDE /* Views */ = {
			isa = PBXGroup;
			children = (
				1F2C751AA6115561C6090DD5 /* TierCardView.swift */,
			);
			path = Views;
			sourceTree = "<group>";
		};
		384DEAE0688DBEB849A7F3A2 /* Auth */ = {
			isa = PBXGroup;
			children = (
				C22902B2BBFFA529BA2A860C /* Views */,
			);
			path = Auth;
			sourceTree = "<group>";
		};
		4200E23C84B656E5232EFF60 /* GigaRizzTests */ = {
			isa = PBXGroup;
			children = (
				80525043E6165C988CDA301C /* GigaRizzTests.swift */,
			);
			path = GigaRizzTests;
			sourceTree = "<group>";
		};
		4783E7D58F1F83D4304A582F /* ViewModels */ = {
			isa = PBXGroup;
			children = (
				73ECEEF23D67F4276DA6158C /* PaywallViewModel.swift */,
			);
			path = ViewModels;
			sourceTree = "<group>";
		};
		4B62017D468AAC1F5F8B4D60 /* PhotoPicker */ = {
			isa = PBXGroup;
			children = (
				52B4D53F2AA01D180E5EDF5F /* ViewModels */,
				A10E0155F66AB2E6F78ED92E /* Views */,
			);
			path = PhotoPicker;
			sourceTree = "<group>";
		};
		50AB0A97BF18E7CB97DC3D8F /* Analytics */ = {
			isa = PBXGroup;
			children = (
				4AB6EAB7092E24EC5F0182DB /* AnalyticsDashboardView.swift */,
				4C87434085205F077DB4F389 /* AnalyticsDashboardViewModel.swift */,
			);
			path = Analytics;
			sourceTree = "<group>";
		};
		52B4D53F2AA01D180E5EDF5F /* ViewModels */ = {
			isa = PBXGroup;
			children = (
				627AB2CF8A5C95CF2194C47E /* PhotoPickerViewModel.swift */,
			);
			path = ViewModels;
			sourceTree = "<group>";
		};
		52BB793AF22328673A00091D /* Features */ = {
			isa = PBXGroup;
			children = (
				50AB0A97BF18E7CB97DC3D8F /* Analytics */,
				384DEAE0688DBEB849A7F3A2 /* Auth */,
				CCFAF43104833E2062A72A5E /* BackgroundReplacer */,
				D2CFDC574191A8D76B010C18 /* BioWriter */,
				EA22912A97D0AAF035A58AAF /* Coach */,
				BDEDF0B3FF5FABD5BE5AC9D1 /* Comparison */,
				1341DEF56E519D63B7C0B10D /* FirstGeneration */,
				D2D04093FB8F20E07570B362 /* Gallery */,
				77967DC324B1508D44EAD284 /* Generate */,
				D896DDFF138F0DFC587A64C6 /* Launch */,
				E2C8662C06B9AAEC58E4D7D9 /* Matches */,
				D6A6AF1CF0C1380E818FF9C3 /* Onboarding */,
				AC660580A6EF66563FD86D39 /* Paywall */,
				29A1CAF8A296075CA33ADDE2 /* PhotoAudit */,
				C6E2E2A0692F8869BDC4714D /* PhotoPacks */,
				4B62017D468AAC1F5F8B4D60 /* PhotoPicker */,
				2ADC3FF164E50D4C32E3D1BB /* Preview */,
				02FA2E580EA5ACFCC85BA50B /* Profile */,
				2DBF168B14642EBB99AA357C /* Rating */,
				D06C0474DE01623B34712B5B /* RizzCoach */,
				9F5CDAA9048ADE73DBCDC92F /* Settings */,
				78ED2EC10B43D94AA060C6AC /* Share */,
				ABA2DFB0248940558069D7E7 /* Tools */,
			);
			path = Features;
			sourceTree = "<group>";
		};
		532E5435CF712714B3E0C0B2 /* Subscription */ = {
			isa = PBXGroup;
			children = (
				68BA81384D47610FDEFEA3E1 /* SubscriptionManager.swift */,
			);
			path = Subscription;
			sourceTree = "<group>";
		};
		5EA07F1225D0B7D8198E368C /* ViewModels */ = {
			isa = PBXGroup;
			children = (
				01BE3D86958EC3A1DBA3FFE1 /* RizzCoachViewModel.swift */,
			);
			path = ViewModels;
			sourceTree = "<group>";
		};
		68D50E1A982F03C8327804D5 /* Analytics */ = {
			isa = PBXGroup;
			children = (
				DC3A7D6C19AFECB3D15EBE6C /* PostHogManager.swift */,
			);
			path = Analytics;
			sourceTree = "<group>";
		};
		6E16DFC744F2BE9655588908 /* ViewModels */ = {
			isa = PBXGroup;
			children = (
				D721F13DA69EDEA69D0B6324 /* OnboardingViewModel.swift */,
			);
			path = ViewModels;
			sourceTree = "<group>";
		};
		755024109D4AA85C21BA9FD5 /* Auth */ = {
			isa = PBXGroup;
			children = (
				FF044D066B14BB54FDCA8D9A /* AuthManager.swift */,
			);
			path = Auth;
			sourceTree = "<group>";
		};
		77967DC324B1508D44EAD284 /* Generate */ = {
			isa = PBXGroup;
			children = (
				238D2B9E1E5E1DCC9D16DC37 /* ViewModels */,
				BF056A2614B13637AA29DED9 /* Views */,
				C277F423C477672433D26A46 /* GenerateView.swift */,
			);
			path = Generate;
			sourceTree = "<group>";
		};
		78ED2EC10B43D94AA060C6AC /* Share */ = {
			isa = PBXGroup;
			children = (
				468C42D376A0CB15BC0A3C6C /* BeforeAfterShareView.swift */,
				8E1FE3EBEB890A9C692AAF2A /* ShareConfiguration.swift */,
				77439C9EFEEACA9F69A184FC /* SharePromptView.swift */,
				4F6A2B7AD3A3887B8BD86CF3 /* ShareService.swift */,
				05FB28ADE9B8039CAD92C42F /* ShareSheet.swift */,
			);
			path = Share;
			sourceTree = "<group>";
		};
		8CFB3A154582A015215B1009 /* Storage */ = {
			isa = PBXGroup;
			children = (
				A796CF26DDB94DBA41350550 /* StorageManager.swift */,
			);
			path = Storage;
			sourceTree = "<group>";
		};
		91F657B038EA0388F0DBBB55 /* Sources */ = {
			isa = PBXGroup;
			children = (
				99ECD3BE5F16075050469CEC /* App */,
				C94DFBF3F9A62E4241E741E5 /* Core */,
				52BB793AF22328673A00091D /* Features */,
			);
			name = Sources;
			path = GigaRizz/Sources;
			sourceTree = "<group>";
		};
		99ECD3BE5F16075050469CEC /* App */ = {
			isa = PBXGroup;
			children = (
				C4999B0A3C3D5BA1FD6C2B7E /* GigaRizzApp.swift */,
				0F5D701F8726B37572BCAEBF /* MainTabView.swift */,
			);
			path = App;
			sourceTree = "<group>";
		};
		9EC844A1BD0BCC9BA8F16A48 /* Resources */ = {
			isa = PBXGroup;
			children = (
				664F72CC6B63018EBE8BCBC6 /* Assets.xcassets */,
				9A0505E3C0D34F6EFB316804 /* Info.plist */,
			);
			name = Resources;
			path = GigaRizz/Resources;
			sourceTree = "<group>";
		};
		9F5CDAA9048ADE73DBCDC92F /* Settings */ = {
			isa = PBXGroup;
			children = (
				D04044853DD09EA424506D2F /* SettingsView.swift */,
			);
			path = Settings;
			sourceTree = "<group>";
		};
		A10E0155F66AB2E6F78ED92E /* Views */ = {
			isa = PBXGroup;
			children = (
				AC754BA427734B785AAB655F /* PhotoPickerView.swift */,
				5CE7EE035980A46F7CBEAE29 /* PHPickerSheet.swift */,
			);
			path = Views;
			sourceTree = "<group>";
		};
		ABA2DFB0248940558069D7E7 /* Tools */ = {
			isa = PBXGroup;
			children = (
				2993E988AAD878A7C4B2F58D /* ToolsHubView.swift */,
			);
			path = Tools;
			sourceTree = "<group>";
		};
		AC660580A6EF66563FD86D39 /* Paywall */ = {
			isa = PBXGroup;
			children = (
				4783E7D58F1F83D4304A582F /* ViewModels */,
				361453623E6938D7FC15ACDE /* Views */,
				859EEBB906EF7DA9074D21F5 /* PaywallView.swift */,
			);
			path = Paywall;
			sourceTree = "<group>";
		};
		B20B00A9C751FA9071D39138 /* Services */ = {
			isa = PBXGroup;
			children = (
				E80D96DC49FA3D51691C3699 /* AIGenerationService.swift */,
				9C3AEC7B0E5D2C4ED0C10ACD /* AppRatingManager.swift */,
				A3CF9F9F86F928AA38602579 /* CloudFunctionsService.swift */,
				762CE5CAA525B372E9C22BE9 /* CoachService.swift */,
				12FCC488385D0DE0D3FBC3FE /* HapticManager.swift */,
				1BD5950DD8B3A5EE578F6144 /* NotificationManager.swift */,
				E288299C6545840AB3D8B823 /* NotificationSettingsView.swift */,
				CB9D6C81381FD9C88BE5B94F /* PhotoLibraryService.swift */,
				7782E1C80C9E49C8F0B39729 /* RateLimiter.swift */,
			);
			path = Services;
			sourceTree = "<group>";
		};
		B562B00C6D777B04FDEA308E /* Products */ = {
			isa = PBXGroup;
			children = (
				2BD6FE4338DA841B0740EA20 /* GigaRizz.app */,
				358CA004F86D26818C21D354 /* GigaRizzTests.xctest */,
				1CE06EB1387E067638BDCFA0 /* GigaRizzUITests.xctest */,
			);
			name = Products;
			sourceTree = "<group>";
		};
		BDEDF0B3FF5FABD5BE5AC9D1 /* Comparison */ = {
			isa = PBXGroup;
			children = (
				7BA503BC7CB9D3845A2FB76E /* PhotoComparisonView.swift */,
			);
			path = Comparison;
			sourceTree = "<group>";
		};
		BF056A2614B13637AA29DED9 /* Views */ = {
			isa = PBXGroup;
			children = (
				FEAE5768D9AC48FF9548FA29 /* GenerationLoadingView.swift */,
				A052E2A6CE99F9D561649B8D /* GenerationResultView.swift */,
				86962B847609C3E672068CFC /* GenerationTipsView.swift */,
			);
			path = Views;
			sourceTree = "<group>";
		};
		C22902B2BBFFA529BA2A860C /* Views */ = {
			isa = PBXGroup;
			children = (
				D40A9783F89E6E9C937D4313 /* SignInView.swift */,
			);
			path = Views;
			sourceTree = "<group>";
		};
		C6E2E2A0692F8869BDC4714D /* PhotoPacks */ = {
			isa = PBXGroup;
			children = (
				34FDEFCC77AAF81F8B5DA8DC /* PhotoPacksView.swift */,
			);
			path = PhotoPacks;
			sourceTree = "<group>";
		};
		C94DFBF3F9A62E4241E741E5 /* Core */ = {
			isa = PBXGroup;
			children = (
				68D50E1A982F03C8327804D5 /* Analytics */,
				755024109D4AA85C21BA9FD5 /* Auth */,
				284FCE346C12E6976A039A46 /* Design */,
				DB624DC3A3B768E0C4D048A4 /* Models */,
				0690C0C10D4761D9BAAA6E5F /* PhotoAnalysis */,
				B20B00A9C751FA9071D39138 /* Services */,
				8CFB3A154582A015215B1009 /* Storage */,
				532E5435CF712714B3E0C0B2 /* Subscription */,
				D88B379B3AE9FA17B6D07878 /* Testing */,
			);
			path = Core;
			sourceTree = "<group>";
		};
		CCFAF43104833E2062A72A5E /* BackgroundReplacer */ = {
			isa = PBXGroup;
			children = (
				D1BE05C5361F4F0B6D06CB99 /* BackgroundReplacerView.swift */,
			);
			path = BackgroundReplacer;
			sourceTree = "<group>";
		};
		D06C0474DE01623B34712B5B /* RizzCoach */ = {
			isa = PBXGroup;
			children = (
				5EA07F1225D0B7D8198E368C /* ViewModels */,
				237B47C28128FEC3A07BC4EC /* Views */,
				0C926641C1F7D0A54F963CF9 /* RizzCoachDashboardView.swift */,
				CD471BE3EB7435C1DD6FC181 /* RizzCoachModels.swift */,
			);
			path = RizzCoach;
			sourceTree = "<group>";
		};
		D23EC7D3AEC43AB8FDDA0750 = {
			isa = PBXGroup;
			children = (
				4200E23C84B656E5232EFF60 /* GigaRizzTests */,
				D677D3E87C3C1BC566F7FCA8 /* GigaRizzUITests */,
				9EC844A1BD0BCC9BA8F16A48 /* Resources */,
				91F657B038EA0388F0DBBB55 /* Sources */,
				B562B00C6D777B04FDEA308E /* Products */,
			);
			sourceTree = "<group>";
		};
		D2CFDC574191A8D76B010C18 /* BioWriter */ = {
			isa = PBXGroup;
			children = (
				16AE4A40F0549C69C4889419 /* BioWriterView.swift */,
				3A548541E642578F8BC8E19C /* BioWriterViewModel.swift */,
			);
			path = BioWriter;
			sourceTree = "<group>";
		};
		D2D04093FB8F20E07570B362 /* Gallery */ = {
			isa = PBXGroup;
			children = (
				CB08C1759FFED8D9FEDA29EE /* FavoritesGalleryView.swift */,
				B357084A0B55E74C89CD7F84 /* FavoritesViewModel.swift */,
				E692458703523FF53BF76F33 /* GeneratedPhotosGalleryView.swift */,
				881D73C42ACC1F514E07B448 /* GeneratedPhotosGalleryViewModel.swift */,
			);
			path = Gallery;
			sourceTree = "<group>";
		};
		D677D3E87C3C1BC566F7FCA8 /* GigaRizzUITests */ = {
			isa = PBXGroup;
			children = (
				E1DFBA687037EA2CA15C3681 /* GigaRizzUITests.swift */,
			);
			path = GigaRizzUITests;
			sourceTree = "<group>";
		};
		D6A6AF1CF0C1380E818FF9C3 /* Onboarding */ = {
			isa = PBXGroup;
			children = (
				6E16DFC744F2BE9655588908 /* ViewModels */,
				05C7DEFE013180F372097384 /* Views */,
			);
			path = Onboarding;
			sourceTree = "<group>";
		};
		D88B379B3AE9FA17B6D07878 /* Testing */ = {
			isa = PBXGroup;
			children = (
				9E73EA2477A3D71BE96B1198 /* ScreenshotTestHelper.swift */,
			);
			path = Testing;
			sourceTree = "<group>";
		};
		D896DDFF138F0DFC587A64C6 /* Launch */ = {
			isa = PBXGroup;
			children = (
				398A1380E103F2774685DCAE /* LaunchScreenView.swift */,
			);
			path = Launch;
			sourceTree = "<group>";
		};
		DACA1F4CC31479C9E8C30C9B /* Components */ = {
			isa = PBXGroup;
			children = (
				AF80505BFE1C5B4A1F61812D /* PremiumBadge.swift */,
			);
			path = Components;
			sourceTree = "<group>";
		};
		DB624DC3A3B768E0C4D048A4 /* Models */ = {
			isa = PBXGroup;
			children = (
				E38D8916B6B86B3B3F34C12D /* ChatMessage.swift */,
				54E0D0EBC83EA99EE768B07C /* MatchModel.swift */,
				D6233D056D0B7A10738D2F5C /* PhotoModel.swift */,
				FB6EFBA315394EFC7F48FDC0 /* PhotoPack.swift */,
				A21681197ABC103BB092F043 /* PhotoPack+DemoData.swift */,
				3D43BF3150F2A4D233B24EEE /* StylePreset.swift */,
			);
			path = Models;
			sourceTree = "<group>";
		};
		DF7B79290E28A04A6F517CB9 /* Views */ = {
			isa = PBXGroup;
			children = (
				27ACDC055F37AC1A5A414E4E /* AddMatchView.swift */,
				16A461B7AC96D2E40A200905 /* ChatSuggestionBar.swift */,
				018C0185C8E7C67B378D5A00 /* ChatView.swift */,
				59E6D82BF7273BF14619B5BD /* MatchDetailView.swift */,
			);
			path = Views;
			sourceTree = "<group>";
		};
		E2C8662C06B9AAEC58E4D7D9 /* Matches */ = {
			isa = PBXGroup;
			children = (
				F6FA522AD5C635DFA7E4F2E8 /* ViewModels */,
				DF7B79290E28A04A6F517CB9 /* Views */,
				CB7A4B2EC7B04F30CC5252A1 /* MatchesView.swift */,
				4A0F220CE10BD2C5715FE293 /* MatchInboxView.swift */,
			);
			path = Matches;
			sourceTree = "<group>";
		};
		EA22912A97D0AAF035A58AAF /* Coach */ = {
			isa = PBXGroup;
			children = (
				F5F0CF5325370C1B9AFFF4CB /* ViewModels */,
				FA527A2343B1451620BAA531 /* CoachView.swift */,
			);
			path = Coach;
			sourceTree = "<group>";
		};
		F5F0CF5325370C1B9AFFF4CB /* ViewModels */ = {
			isa = PBXGroup;
			children = (
				01EB93A4DF9AFB701AA149B0 /* CoachViewModel.swift */,
			);
			path = ViewModels;
			sourceTree = "<group>";
		};
		F6FA522AD5C635DFA7E4F2E8 /* ViewModels */ = {
			isa = PBXGroup;
			children = (
				45475E83909CBE53112C0900 /* ChatViewModel.swift */,
				B4D1A8F547E6E8631AE0F136 /* MatchesViewModel.swift */,
				56FF599CFA48AB3386915EB3 /* MatchInboxViewModel.swift */,
			);
			path = ViewModels;
			sourceTree = "<group>";
		};
/* End PBXGroup section */

/* Begin PBXNativeTarget section */
		4DC745B1AD0D227FF86CC28E /* GigaRizz */ = {
			isa = PBXNativeTarget;
			buildConfigurationList = 81FED0312AEC685763715153 /* Build configuration list for PBXNativeTarget "GigaRizz" */;
			buildPhases = (
				009736AFDF16F830C82215B7 /* Sources */,
				39DE8D28EF8ECDCDBACEE591 /* Resources */,
				58E65A64FEA8D763DDF77A16 /* Frameworks */,
			);
			buildRules = (
			);
			dependencies = (
			);
			name = GigaRizz;
			packageProductDependencies = (
				FF826BF9BD3ACDA2B4B657F1 /* FirebaseAuth */,
				6C546D7C8FE5A9537BB1B130 /* FirebaseFirestore */,
				1C4B36F03ED8CAA06A31892E /* FirebaseStorage */,
				479B99EB76155E5D53EF09E5 /* FirebaseAnalytics */,
				18662EDD693A194C4735E46A /* RevenueCat */,
				8EC1097CAE9654D20FD7806F /* PostHog */,
				3ACD71821CA50C08195C451B /* Kingfisher */,
				0FD2A7F64E5572764412F3AC /* SnapKit */,
			);
			productName = GigaRizz;
			productReference = 2BD6FE4338DA841B0740EA20 /* GigaRizz.app */;
			productType = "com.apple.product-type.application";
		};
		6865BDA3AE2681F6E58950BA /* GigaRizzTests */ = {
			isa = PBXNativeTarget;
			buildConfigurationList = 7A23C71AC46A29E6BE561D2C /* Build configuration list for PBXNativeTarget "GigaRizzTests" */;
			buildPhases = (
				4839C18ED536B6B558C09224 /* Sources */,
			);
			buildRules = (
			);
			dependencies = (
				C4C8461A87B5CA685E4E1E77 /* PBXTargetDependency */,
			);
			name = GigaRizzTests;
			packageProductDependencies = (
			);
			productName = GigaRizzTests;
			productReference = 358CA004F86D26818C21D354 /* GigaRizzTests.xctest */;
			productType = "com.apple.product-type.bundle.unit-test";
		};
		EE91C3947BAF1121B6897329 /* GigaRizzUITests */ = {
			isa = PBXNativeTarget;
			buildConfigurationList = 2C0F86A76E0DE6BBD89B379B /* Build configuration list for PBXNativeTarget "GigaRizzUITests" */;
			buildPhases = (
				28E8C4683B443077AED115D3 /* Sources */,
			);
			buildRules = (
			);
			dependencies = (
				3C8605FDA72B5F784E8A78F4 /* PBXTargetDependency */,
			);
			name = GigaRizzUITests;
			packageProductDependencies = (
			);
			productName = GigaRizzUITests;
			productReference = 1CE06EB1387E067638BDCFA0 /* GigaRizzUITests.xctest */;
			productType = "com.apple.product-type.bundle.ui-testing";
		};
/* End PBXNativeTarget section */

/* Begin PBXProject section */
		A6FF49540713C0EB7C5B537C /* Project object */ = {
			isa = PBXProject;
			attributes = {
				BuildIndependentTargetsInParallel = YES;
				LastUpgradeCheck = 1600;
				TargetAttributes = {
					4DC745B1AD0D227FF86CC28E = {
						DevelopmentTeam = "";
						ProvisioningStyle = Automatic;
					};
					6865BDA3AE2681F6E58950BA = {
						DevelopmentTeam = "";
						ProvisioningStyle = Automatic;
					};
					EE91C3947BAF1121B6897329 = {
						DevelopmentTeam = "";
						ProvisioningStyle = Automatic;
						TestTargetID = 4DC745B1AD0D227FF86CC28E;
					};
				};
			};
			buildConfigurationList = 501DBBF223A53FD656ED2551 /* Build configuration list for PBXProject "GigaRizz" */;
			developmentRegion = en;
			hasScannedForEncodings = 0;
			knownRegions = (
				Base,
				en,
			);
			mainGroup = D23EC7D3AEC43AB8FDDA0750;
			minimizedProjectReferenceProxies = 1;
			packageReferences = (
				7D08528392925BE576849F11 /* XCRemoteSwiftPackageReference "firebase-ios-sdk" */,
				0582B1057BE3C3A8149D17BE /* XCRemoteSwiftPackageReference "Kingfisher" */,
				8EB0B9675BF78130B38B01B7 /* XCRemoteSwiftPackageReference "posthog-ios" */,
				B8CF14EE6E76C8D14E490A3B /* XCRemoteSwiftPackageReference "purchases-ios" */,
				BE170ACC979623EE705D8AF9 /* XCRemoteSwiftPackageReference "SnapKit" */,
			);
			preferredProjectObjectVersion = 77;
			productRefGroup = B562B00C6D777B04FDEA308E /* Products */;
			projectDirPath = "";
			projectRoot = "";
			targets = (
				4DC745B1AD0D227FF86CC28E /* GigaRizz */,
				6865BDA3AE2681F6E58950BA /* GigaRizzTests */,
				EE91C3947BAF1121B6897329 /* GigaRizzUITests */,
			);
		};
/* End PBXProject section */

/* Begin PBXResourcesBuildPhase section */
		39DE8D28EF8ECDCDBACEE591 /* Resources */ = {
			isa = PBXResourcesBuildPhase;
			buildActionMask = 2147483647;
			files = (
				7CBA6D6BE54A15B270FC5F46 /* Assets.xcassets in Resources */,
			);
			runOnlyForDeploymentPostprocessing = 0;
		};
/* End PBXResourcesBuildPhase section */

/* Begin PBXSourcesBuildPhase section */
		009736AFDF16F830C82215B7 /* Sources */ = {
			isa = PBXSourcesBuildPhase;
			buildActionMask = 2147483647;
			files = (
				6DC6FEBAAA9CA42B91576354 /* AIGenerationService.swift in Sources */,
				E764E1BC86B2716EDBD7A956 /* AccessibilityHelpers.swift in Sources */,
				09B4D9267632BBF03E1F80EE /* AddMatchView.swift in Sources */,
				EB7177E0E5CDAF49B0D844B0 /* AnalyticsDashboardView.swift in Sources */,
				EBD8891EEABCE6A2E53E6B6C /* AnalyticsDashboardViewModel.swift in Sources */,
				8A41855389D8F5BC7A18DD62 /* AppRatingManager.swift in Sources */,
				888CD699D163446317D2F07F /* AppRatingView.swift in Sources */,
				5A50FD2339D83D88DBE3F7BE /* AuthManager.swift in Sources */,
				BDA18D8F727A0E538DA1F675 /* BackgroundReplacerView.swift in Sources */,
				4F556934BBF66A63BE59B3A1 /* BeforeAfterShareView.swift in Sources */,
				E97813F160D6FDD26E794D13 /* BioStrengthMeter.swift in Sources */,
				C73EF4F981AF555D69AF5476 /* BioWriterView.swift in Sources */,
				D2BA42C3AC9EAEA59BA1AF77 /* BioWriterViewModel.swift in Sources */,
				3042D01002919BC525EB004C /* ChatMessage.swift in Sources */,
				A8BC2A7C0C5851EB9C63846F /* ChatSuggestionBar.swift in Sources */,
				B32A47DFDAB4B85C0F5ADCB4 /* ChatView.swift in Sources */,
				BEBC155E96B18B66C58523E1 /* ChatViewModel.swift in Sources */,
				CDC83D3245D1B24F632AE8D6 /* CloudFunctionsService.swift in Sources */,
				7B73827B1D05F4DD26CE3FEA /* CoachService.swift in Sources */,
				14D1B7D40556F5C4515EF9D6 /* CoachView.swift in Sources */,
				727C34B468FD7F63E0748275 /* CoachViewModel.swift in Sources */,
				8888E9BA7AD10776961B89C3 /* DesignSystem.swift in Sources */,
				6ADD4F9588127C2A6F0B435C /* FavoritesGalleryView.swift in Sources */,
				4C722F468EC6BEA5103AC864 /* FavoritesViewModel.swift in Sources */,
				5705FC193E69520B8BFA7921 /* FirstGenerationFlowView.swift in Sources */,
				6AD50A66E6B06896D3E80C9D /* FirstGenerationViewModel.swift in Sources */,
				B18449BDAB37CF547644F2EA /* FullScreenPhotoPreviewView.swift in Sources */,
				EE383FD702BC64C6CB87A337 /* GRComponents.swift in Sources */,
				228A4FB04B03E7AB50B5089D /* GenerateView.swift in Sources */,
				E0D61A8EB360AC96FCFBF6DE /* GenerateViewModel.swift in Sources */,
				49B782ACB3DB70B8AFF1388E /* GeneratedPhotosGalleryView.swift in Sources */,
				4C0C7186D53DC850B6CC7647 /* GeneratedPhotosGalleryViewModel.swift in Sources */,
				986CA2E30C32791E2F48CBA2 /* GenerationLoadingView.swift in Sources */,
				C4E0EB5E894EE414F7F78E51 /* GenerationResultView.swift in Sources */,
				177F9704FA0C511AA9AACE7C /* GenerationTipsView.swift in Sources */,
				E524CE40274FAA4B15F642A8 /* GigaRizzApp.swift in Sources */,
				11AF459D270CE3E4B53EBC26 /* HapticManager.swift in Sources */,
				884DF129FE5252A900D6B891 /* LaunchScreenView.swift in Sources */,
				63C020963F8F245E45860430 /* MainTabView.swift in Sources */,
				FCC25A57E42BF5C5CB69705C /* MatchDetailView.swift in Sources */,
				E9A9972EB735E94CBE8A96FD /* MatchInboxView.swift in Sources */,
				4F3B0267BB4B89A4106D9E6C /* MatchInboxViewModel.swift in Sources */,
				07F3495938687229A4A95457 /* MatchModel.swift in Sources */,
				FE2234BAD8CB4B2822DC4790 /* MatchesView.swift in Sources */,
				FEF1ED44644BCFC05200D6E6 /* MatchesViewModel.swift in Sources */,
				E4B7C006D4ADBF006442CA77 /* NotificationManager.swift in Sources */,
				CA6130FC8035FC862CE415F8 /* NotificationSettingsView.swift in Sources */,
				09BA79605921446AEA2525B8 /* OnboardingResumePromptView.swift in Sources */,
				D2EEFD230793F0E6133A78B1 /* OnboardingView.swift in Sources */,
				E5129FA86B7C0BCECAB955E0 /* OnboardingViewModel.swift in Sources */,
				167F45C9F000D4C828EDD5EE /* PHPickerSheet.swift in Sources */,
				8D72091D56A24F2C61A59EDC /* PaywallView.swift in Sources */,
				860A5BFBA705A169F970E783 /* PaywallViewModel.swift in Sources */,
				C7D57B3314FBF3CCB548DF42 /* PermissionEducationView.swift in Sources */,
				6FBC6BDFDAD464E54EE28835 /* PhotoAuditView.swift in Sources */,
				0828509A141D353DE64434E9 /* PhotoAuditViewModel.swift in Sources */,
				1F97824DB84C695CFADED311 /* PhotoComparisonView.swift in Sources */,
				0E37B76DBE21017C02E3B1FE /* PhotoLibraryService.swift in Sources */,
				E89386DDCF92D398C0D2E0CA /* PhotoModel.swift in Sources */,
				09CF7B9D7648F21CA5F1E1B5 /* PhotoPack+DemoData.swift in Sources */,
				FF56683B9004E4196DF3AABB /* PhotoPack.swift in Sources */,
				8ECBA71BA1B4B198EF511FF7 /* PhotoPacksView.swift in Sources */,
				FF9FB5A106BFD16626E6E83A /* PhotoPerformanceCard.swift in Sources */,
				4B1B4CF55DD356E9D42FFF6D /* PhotoPickerView.swift in Sources */,
				251B17C7067466EC2BAAACD7 /* PhotoPickerViewModel.swift in Sources */,
				5E948AA31C684701F275733B /* PhotoQualityAnalyzer.swift in Sources */,
				95B5D59C729EAFD6991AE849 /* PhotoQualityIssue.swift in Sources */,
				7533467C0DD7F31073564942 /* PostHogManager.swift in Sources */,
				BC80C98DAF2A22FA97AA6674 /* PremiumBadge.swift in Sources */,
				E0782A6727E0EE18AC7A0096 /* ProfileCompletenessView.swift in Sources */,
				FA5C540A17A72D270DBAF431 /* ProfileCompletenessViewModel.swift in Sources */,
				2ACC1F1B48B4FE7C5EF63440 /* ProfilePreviewView.swift in Sources */,
				7E11238E667A23635A13EDC8 /* ProfileView.swift in Sources */,
				A255EDB42A2B5BB8F94DD59C /* RateLimiter.swift in Sources */,
				EBFBD93305D5B59E8548663F /* ResponseTimeTrackerView.swift in Sources */,
				47084037144A9AF6E74F8808 /* RizzCoachDashboardView.swift in Sources */,
				C5C97152CF00B94E29DA49C5 /* RizzCoachModels.swift in Sources */,
				70064D05FD5875FE172624A2 /* RizzCoachViewModel.swift in Sources */,
				A34588E89DA7AC7DB5ED3D8E /* RizzScoreCard.swift in Sources */,
				4A05F753EF1ADC3A3890D643 /* RizzTipCard.swift in Sources */,
				C2CFEA339C5F5E99D0537172 /* ScreenshotTestHelper.swift in Sources */,
				FAAD1B1DEEF34F5EF178B5BF /* SettingsView.swift in Sources */,
				F94E42EC010AA53AC80A26F3 /* ShareConfiguration.swift in Sources */,
				D6B072C0E815F49DCF016E67 /* SharePromptView.swift in Sources */,
				7DB30F245702294281E43F22 /* ShareService.swift in Sources */,
				11B160CFE2393615A55AE353 /* ShareSheet.swift in Sources */,
				4897191A08D8B0A9BB5E9E65 /* SignInView.swift in Sources */,
				CB9700264360001A69A656D2 /* StorageManager.swift in Sources */,
				55B6711623E3715741DEC9C7 /* StylePreset.swift in Sources */,
				C239059B870A9DE6503B416B /* SubscriptionManager.swift in Sources */,
				BA9498F56F0268E36E084A60 /* TierCardView.swift in Sources */,
				1DC4905C0F673DAD2CCBA672 /* ToolsHubView.swift in Sources */,
				9F15E65A4E663969437B977B /* WeeklyRizzReportView.swift in Sources */,
			);
			runOnlyForDeploymentPostprocessing = 0;
		};
		28E8C4683B443077AED115D3 /* Sources */ = {
			isa = PBXSourcesBuildPhase;
			buildActionMask = 2147483647;
			files = (
				61F79AB3D186F0B0834E561F /* GigaRizzUITests.swift in Sources */,
			);
			runOnlyForDeploymentPostprocessing = 0;
		};
		4839C18ED536B6B558C09224 /* Sources */ = {
			isa = PBXSourcesBuildPhase;
			buildActionMask = 2147483647;
			files = (
				3F890DA4A900755F8B31800C /* GigaRizzTests.swift in Sources */,
			);
			runOnlyForDeploymentPostprocessing = 0;
		};
/* End PBXSourcesBuildPhase section */

/* Begin PBXTargetDependency section */
		3C8605FDA72B5F784E8A78F4 /* PBXTargetDependency */ = {
			isa = PBXTargetDependency;
			target = 4DC745B1AD0D227FF86CC28E /* GigaRizz */;
			targetProxy = 79F424F7F45EEA4354AFE719 /* PBXContainerItemProxy */;
		};
		C4C8461A87B5CA685E4E1E77 /* PBXTargetDependency */ = {
			isa = PBXTargetDependency;
			target = 4DC745B1AD0D227FF86CC28E /* GigaRizz */;
			targetProxy = 7424045F4A6E218CA2C9A648 /* PBXContainerItemProxy */;
		};
/* End PBXTargetDependency section */

/* Begin XCBuildConfiguration section */
		147DF60DAA27E252845ABA03 /* Release */ = {
			isa = XCBuildConfiguration;
			buildSettings = {
				ALWAYS_SEARCH_USER_PATHS = NO;
				ASSETCATALOG_COMPILER_GENERATE_SWIFT_ASSET_SYMBOL_EXTENSIONS = YES;
				CLANG_ANALYZER_NONNULL = YES;
				CLANG_ANALYZER_NUMBER_OBJECT_CONVERSION = YES_AGGRESSIVE;
				CLANG_CXX_LANGUAGE_STANDARD = "gnu++14";
				CLANG_CXX_LIBRARY = "libc++";
				CLANG_ENABLE_MODULES = YES;
				CLANG_ENABLE_OBJC_ARC = YES;
				CLANG_ENABLE_OBJC_WEAK = YES;
				CLANG_WARN_BLOCK_CAPTURE_AUTORELEASING = YES;
				CLANG_WARN_BOOL_CONVERSION = YES;
				CLANG_WARN_COMMA = YES;
				CLANG_WARN_CONSTANT_CONVERSION = YES;
				CLANG_WARN_DEPRECATED_OBJC_IMPLEMENTATIONS = YES;
				CLANG_WARN_DIRECT_OBJC_ISA_USAGE = YES_ERROR;
				CLANG_WARN_DOCUMENTATION_COMMENTS = YES;
				CLANG_WARN_EMPTY_BODY = YES;
				CLANG_WARN_ENUM_CONVERSION = YES;
				CLANG_WARN_INFINITE_RECURSION = YES;
				CLANG_WARN_INT_CONVERSION = YES;
				CLANG_WARN_NON_LITERAL_NULL_CONVERSION = YES;
				CLANG_WARN_OBJC_IMPLICIT_RETAIN_SELF = YES;
				CLANG_WARN_OBJC_LITERAL_CONVERSION = YES;
				CLANG_WARN_OBJC_ROOT_CLASS = YES_ERROR;
				CLANG_WARN_QUOTED_INCLUDE_IN_FRAMEWORK_HEADER = YES;
				CLANG_WARN_RANGE_LOOP_ANALYSIS = YES;
				CLANG_WARN_STRICT_PROTOTYPES = YES;
				CLANG_WARN_SUSPICIOUS_MOVE = YES;
				CLANG_WARN_UNGUARDED_AVAILABILITY = YES_AGGRESSIVE;
				CLANG_WARN_UNREACHABLE_CODE = YES;
				CLANG_WARN__DUPLICATE_METHOD_MATCH = YES;
				CODE_SIGN_STYLE = Automatic;
				COPY_PHASE_STRIP = NO;
				CURRENT_PROJECT_VERSION = 1;
				DEBUG_INFORMATION_FORMAT = "dwarf-with-dsym";
				DEVELOPMENT_TEAM = "";
				ENABLE_NS_ASSERTIONS = NO;
				ENABLE_PREVIEWS = YES;
				ENABLE_STRICT_OBJC_MSGSEND = YES;
				GCC_C_LANGUAGE_STANDARD = gnu11;
				GCC_NO_COMMON_BLOCKS = YES;
				GCC_WARN_64_TO_32_BIT_CONVERSION = YES;
				GCC_WARN_ABOUT_RETURN_TYPE = YES_ERROR;
				GCC_WARN_UNDECLARED_SELECTOR = YES;
				GCC_WARN_UNINITIALIZED_AUTOS = YES_AGGRESSIVE;
				GCC_WARN_UNUSED_FUNCTION = YES;
				GCC_WARN_UNUSED_VARIABLE = YES;
				INFOPLIST_KEY_UIApplicationSceneManifest_Generation = YES;
				INFOPLIST_KEY_UIApplicationSupportsIndirectInputEvents = YES;
				INFOPLIST_KEY_UILaunchScreen_Generation = YES;
				INFOPLIST_KEY_UISupportedInterfaceOrientations = "UIInterfaceOrientationPortrait UIInterfaceOrientationLandscapeLeft UIInterfaceOrientationLandscapeRight";
				INFOPLIST_KEY_UISupportedInterfaceOrientations_iPad = "UIInterfaceOrientationPortrait UIInterfaceOrientationPortraitUpsideDown UIInterfaceOrientationLandscapeLeft UIInterfaceOrientationLandscapeRight";
				IPHONEOS_DEPLOYMENT_TARGET = 17.0;
				MARKETING_VERSION = 1.0.0;
				MTL_ENABLE_DEBUG_INFO = NO;
				MTL_FAST_MATH = YES;
				PRODUCT_NAME = "$(TARGET_NAME)";
				SDKROOT = iphoneos;
				SWIFT_COMPILATION_MODE = wholemodule;
				SWIFT_EMIT_LOC_STRINGS = YES;
				SWIFT_OPTIMIZATION_LEVEL = "-O";
				SWIFT_VERSION = 6.0;
				TARGETED_DEVICE_FAMILY = "1,2";
			};
			name = Release;
		};
		30D31A93C02B8D791579DC84 /* Debug */ = {
			isa = XCBuildConfiguration;
			buildSettings = {
				BUNDLE_LOADER = "$(TEST_HOST)";
				CURRENT_PROJECT_VERSION = 1;
				GENERATE_INFOPLIST_FILE = YES;
				LD_RUNPATH_SEARCH_PATHS = (
					"$(inherited)",
					"@executable_path/Frameworks",
					"@loader_path/Frameworks",
				);
				MARKETING_VERSION = 1.0.0;
				PRODUCT_BUNDLE_IDENTIFIER = com.gigarizz.app.uitests;
				SDKROOT = iphoneos;
				TARGETED_DEVICE_FAMILY = "1,2";
				TEST_TARGET_NAME = GigaRizz;
			};
			name = Debug;
		};
		57DCE39AA39D64D58C7CD058 /* Release */ = {
			isa = XCBuildConfiguration;
			buildSettings = {
				ASSETCATALOG_COMPILER_APPICON_NAME = AppIcon;
				ASSETCATALOG_COMPILER_GLOBAL_ACCENT_COLOR_NAME = AccentColor;
				CODE_SIGN_IDENTITY = "iPhone Developer";
				DEBUG_INFORMATION_FORMAT = "dwarf-with-dsym";
				FirebaseDebugEnvironmentEnabled = NO;
				INFOPLIST_FILE = GigaRizz/Resources/Info.plist;
				LD_RUNPATH_SEARCH_PATHS = (
					"$(inherited)",
					"@executable_path/Frameworks",
				);
				PRODUCT_BUNDLE_IDENTIFIER = com.gigarizz.app;
				SDKROOT = iphoneos;
				SWIFT_COMPILATION_MODE = wholemodule;
				SWIFT_OPTIMIZATION_LEVEL = "-O";
				TARGETED_DEVICE_FAMILY = "1,2";
			};
			name = Release;
		};
		6EBD64AF128DF9CD698013A5 /* Debug */ = {
			isa = XCBuildConfiguration;
			buildSettings = {
				ALWAYS_SEARCH_USER_PATHS = NO;
				ASSETCATALOG_COMPILER_GENERATE_SWIFT_ASSET_SYMBOL_EXTENSIONS = YES;
				CLANG_ANALYZER_NONNULL = YES;
				CLANG_ANALYZER_NUMBER_OBJECT_CONVERSION = YES_AGGRESSIVE;
				CLANG_CXX_LANGUAGE_STANDARD = "gnu++14";
				CLANG_CXX_LIBRARY = "libc++";
				CLANG_ENABLE_MODULES = YES;
				CLANG_ENABLE_OBJC_ARC = YES;
				CLANG_ENABLE_OBJC_WEAK = YES;
				CLANG_WARN_BLOCK_CAPTURE_AUTORELEASING = YES;
				CLANG_WARN_BOOL_CONVERSION = YES;
				CLANG_WARN_COMMA = YES;
				CLANG_WARN_CONSTANT_CONVERSION = YES;
				CLANG_WARN_DEPRECATED_OBJC_IMPLEMENTATIONS = YES;
				CLANG_WARN_DIRECT_OBJC_ISA_USAGE = YES_ERROR;
				CLANG_WARN_DOCUMENTATION_COMMENTS = YES;
				CLANG_WARN_EMPTY_BODY = YES;
				CLANG_WARN_ENUM_CONVERSION = YES;
				CLANG_WARN_INFINITE_RECURSION = YES;
				CLANG_WARN_INT_CONVERSION = YES;
				CLANG_WARN_NON_LITERAL_NULL_CONVERSION = YES;
				CLANG_WARN_OBJC_IMPLICIT_RETAIN_SELF = YES;
				CLANG_WARN_OBJC_LITERAL_CONVERSION = YES;
				CLANG_WARN_OBJC_ROOT_CLASS = YES_ERROR;
				CLANG_WARN_QUOTED_INCLUDE_IN_FRAMEWORK_HEADER = YES;
				CLANG_WARN_RANGE_LOOP_ANALYSIS = YES;
				CLANG_WARN_STRICT_PROTOTYPES = YES;
				CLANG_WARN_SUSPICIOUS_MOVE = YES;
				CLANG_WARN_UNGUARDED_AVAILABILITY = YES_AGGRESSIVE;
				CLANG_WARN_UNREACHABLE_CODE = YES;
				CLANG_WARN__DUPLICATE_METHOD_MATCH = YES;
				CODE_SIGN_STYLE = Automatic;
				COPY_PHASE_STRIP = NO;
				CURRENT_PROJECT_VERSION = 1;
				DEBUG_INFORMATION_FORMAT = dwarf;
				DEVELOPMENT_TEAM = "";
				ENABLE_PREVIEWS = YES;
				ENABLE_STRICT_OBJC_MSGSEND = YES;
				ENABLE_TESTABILITY = YES;
				GCC_C_LANGUAGE_STANDARD = gnu11;
				GCC_DYNAMIC_NO_PIC = NO;
				GCC_NO_COMMON_BLOCKS = YES;
				GCC_OPTIMIZATION_LEVEL = 0;
				GCC_PREPROCESSOR_DEFINITIONS = (
					"$(inherited)",
					"DEBUG=1",
				);
				GCC_WARN_64_TO_32_BIT_CONVERSION = YES;
				GCC_WARN_ABOUT_RETURN_TYPE = YES_ERROR;
				GCC_WARN_UNDECLARED_SELECTOR = YES;
				GCC_WARN_UNINITIALIZED_AUTOS = YES_AGGRESSIVE;
				GCC_WARN_UNUSED_FUNCTION = YES;
				GCC_WARN_UNUSED_VARIABLE = YES;
				INFOPLIST_KEY_UIApplicationSceneManifest_Generation = YES;
				INFOPLIST_KEY_UIApplicationSupportsIndirectInputEvents = YES;
				INFOPLIST_KEY_UILaunchScreen_Generation = YES;
				INFOPLIST_KEY_UISupportedInterfaceOrientations = "UIInterfaceOrientationPortrait UIInterfaceOrientationLandscapeLeft UIInterfaceOrientationLandscapeRight";
				INFOPLIST_KEY_UISupportedInterfaceOrientations_iPad = "UIInterfaceOrientationPortrait UIInterfaceOrientationPortraitUpsideDown UIInterfaceOrientationLandscapeLeft UIInterfaceOrientationLandscapeRight";
				IPHONEOS_DEPLOYMENT_TARGET = 17.0;
				MARKETING_VERSION = 1.0.0;
				MTL_ENABLE_DEBUG_INFO = INCLUDE_SOURCE;
				MTL_FAST_MATH = YES;
				ONLY_ACTIVE_ARCH = YES;
				PRODUCT_NAME = "$(TARGET_NAME)";
				SDKROOT = iphoneos;
				SWIFT_ACTIVE_COMPILATION_CONDITIONS = DEBUG;
				SWIFT_EMIT_LOC_STRINGS = YES;
				SWIFT_OPTIMIZATION_LEVEL = "-Onone";
				SWIFT_VERSION = 6.0;
				TARGETED_DEVICE_FAMILY = "1,2";
			};
			name = Debug;
		};
		A171C8556C58420812554E0E /* Release */ = {
			isa = XCBuildConfiguration;
			buildSettings = {
				BUNDLE_LOADER = "$(TEST_HOST)";
				CURRENT_PROJECT_VERSION = 1;
				GENERATE_INFOPLIST_FILE = YES;
				LD_RUNPATH_SEARCH_PATHS = (
					"$(inherited)",
					"@executable_path/Frameworks",
					"@loader_path/Frameworks",
				);
				MARKETING_VERSION = 1.0.0;
				PRODUCT_BUNDLE_IDENTIFIER = com.gigarizz.app.tests;
				SDKROOT = iphoneos;
				TARGETED_DEVICE_FAMILY = "1,2";
				TEST_HOST = "$(BUILT_PRODUCTS_DIR)/GigaRizz.app/$(BUNDLE_EXECUTABLE_FOLDER_PATH)/GigaRizz";
			};
			name = Release;
		};
		E060E605DD79F4EC9D26A414 /* Debug */ = {
			isa = XCBuildConfiguration;
			buildSettings = {
				ASSETCATALOG_COMPILER_APPICON_NAME = AppIcon;
				ASSETCATALOG_COMPILER_GLOBAL_ACCENT_COLOR_NAME = AccentColor;
				CODE_SIGN_IDENTITY = "iPhone Developer";
				DEBUG_INFORMATION_FORMAT = "dwarf-with-dsym";
				FirebaseDebugEnvironmentEnabled = YES;
				INFOPLIST_FILE = GigaRizz/Resources/Info.plist;
				LD_RUNPATH_SEARCH_PATHS = (
					"$(inherited)",
					"@executable_path/Frameworks",
				);
				PRODUCT_BUNDLE_IDENTIFIER = com.gigarizz.app;
				SDKROOT = iphoneos;
				SWIFT_OPTIMIZATION_LEVEL = "-Onone";
				TARGETED_DEVICE_FAMILY = "1,2";
			};
			name = Debug;
		};
		E2785AEBE2800682E43A50B6 /* Release */ = {
			isa = XCBuildConfiguration;
			buildSettings = {
				BUNDLE_LOADER = "$(TEST_HOST)";
				CURRENT_PROJECT_VERSION = 1;
				GENERATE_INFOPLIST_FILE = YES;
				LD_RUNPATH_SEARCH_PATHS = (
					"$(inherited)",
					"@executable_path/Frameworks",
					"@loader_path/Frameworks",
				);
				MARKETING_VERSION = 1.0.0;
				PRODUCT_BUNDLE_IDENTIFIER = com.gigarizz.app.uitests;
				SDKROOT = iphoneos;
				TARGETED_DEVICE_FAMILY = "1,2";
				TEST_TARGET_NAME = GigaRizz;
			};
			name = Release;
		};
		F0F28AA4EB44D97A30AB8173 /* Debug */ = {
			isa = XCBuildConfiguration;
			buildSettings = {
				BUNDLE_LOADER = "$(TEST_HOST)";
				CURRENT_PROJECT_VERSION = 1;
				GENERATE_INFOPLIST_FILE = YES;
				LD_RUNPATH_SEARCH_PATHS = (
					"$(inherited)",
					"@executable_path/Frameworks",
					"@loader_path/Frameworks",
				);
				MARKETING_VERSION = 1.0.0;
				PRODUCT_BUNDLE_IDENTIFIER = com.gigarizz.app.tests;
				SDKROOT = iphoneos;
				TARGETED_DEVICE_FAMILY = "1,2";
				TEST_HOST = "$(BUILT_PRODUCTS_DIR)/GigaRizz.app/$(BUNDLE_EXECUTABLE_FOLDER_PATH)/GigaRizz";
			};
			name = Debug;
		};
/* End XCBuildConfiguration section */

/* Begin XCConfigurationList section */
		2C0F86A76E0DE6BBD89B379B /* Build configuration list for PBXNativeTarget "GigaRizzUITests" */ = {
			isa = XCConfigurationList;
			buildConfigurations = (
				30D31A93C02B8D791579DC84 /* Debug */,
				E2785AEBE2800682E43A50B6 /* Release */,
			);
			defaultConfigurationIsVisible = 0;
			defaultConfigurationName = Debug;
		};
		501DBBF223A53FD656ED2551 /* Build configuration list for PBXProject "GigaRizz" */ = {
			isa = XCConfigurationList;
			buildConfigurations = (
				6EBD64AF128DF9CD698013A5 /* Debug */,
				147DF60DAA27E252845ABA03 /* Release */,
			);
			defaultConfigurationIsVisible = 0;
			defaultConfigurationName = Debug;
		};
		7A23C71AC46A29E6BE561D2C /* Build configuration list for PBXNativeTarget "GigaRizzTests" */ = {
			isa = XCConfigurationList;
			buildConfigurations = (
				F0F28AA4EB44D97A30AB8173 /* Debug */,
				A171C8556C58420812554E0E /* Release */,
			);
			defaultConfigurationIsVisible = 0;
			defaultConfigurationName = Debug;
		};
		81FED0312AEC685763715153 /* Build configuration list for PBXNativeTarget "GigaRizz" */ = {
			isa = XCConfigurationList;
			buildConfigurations = (
				E060E605DD79F4EC9D26A414 /* Debug */,
				57DCE39AA39D64D58C7CD058 /* Release */,
			);
			defaultConfigurationIsVisible = 0;
			defaultConfigurationName = Debug;
		};
/* End XCConfigurationList section */

/* Begin XCRemoteSwiftPackageReference section */
		0582B1057BE3C3A8149D17BE /* XCRemoteSwiftPackageReference "Kingfisher" */ = {
			isa = XCRemoteSwiftPackageReference;
			repositoryURL = "https://github.com/onevcat/Kingfisher";
			requirement = {
				kind = exactVersion;
				version = 8.1.3;
			};
		};
		7D08528392925BE576849F11 /* XCRemoteSwiftPackageReference "firebase-ios-sdk" */ = {
			isa = XCRemoteSwiftPackageReference;
			repositoryURL = "https://github.com/firebase/firebase-ios-sdk";
			requirement = {
				kind = exactVersion;
				version = 11.6.0;
			};
		};
		8EB0B9675BF78130B38B01B7 /* XCRemoteSwiftPackageReference "posthog-ios" */ = {
			isa = XCRemoteSwiftPackageReference;
			repositoryURL = "https://github.com/PostHog/posthog-ios";
			requirement = {
				kind = exactVersion;
				version = 3.10.0;
			};
		};
		B8CF14EE6E76C8D14E490A3B /* XCRemoteSwiftPackageReference "purchases-ios" */ = {
			isa = XCRemoteSwiftPackageReference;
			repositoryURL = "https://github.com/RevenueCat/purchases-ios";
			requirement = {
				kind = exactVersion;
				version = 4.44.0;
			};
		};
		BE170ACC979623EE705D8AF9 /* XCRemoteSwiftPackageReference "SnapKit" */ = {
			isa = XCRemoteSwiftPackageReference;
			repositoryURL = "https://github.com/SnapKit/SnapKit";
			requirement = {
				kind = exactVersion;
				version = 5.7.1;
			};
		};
/* End XCRemoteSwiftPackageReference section */

/* Begin XCSwiftPackageProductDependency section */
		0FD2A7F64E5572764412F3AC /* SnapKit */ = {
			isa = XCSwiftPackageProductDependency;
			package = BE170ACC979623EE705D8AF9 /* XCRemoteSwiftPackageReference "SnapKit" */;
			productName = SnapKit;
		};
		18662EDD693A194C4735E46A /* RevenueCat */ = {
			isa = XCSwiftPackageProductDependency;
			package = B8CF14EE6E76C8D14E490A3B /* XCRemoteSwiftPackageReference "purchases-ios" */;
			productName = RevenueCat;
		};
		1C4B36F03ED8CAA06A31892E /* FirebaseStorage */ = {
			isa = XCSwiftPackageProductDependency;
			package = 7D08528392925BE576849F11 /* XCRemoteSwiftPackageReference "firebase-ios-sdk" */;
			productName = FirebaseStorage;
		};
		3ACD71821CA50C08195C451B /* Kingfisher */ = {
			isa = XCSwiftPackageProductDependency;
			package = 0582B1057BE3C3A8149D17BE /* XCRemoteSwiftPackageReference "Kingfisher" */;
			productName = Kingfisher;
		};
		479B99EB76155E5D53EF09E5 /* FirebaseAnalytics */ = {
			isa = XCSwiftPackageProductDependency;
			package = 7D08528392925BE576849F11 /* XCRemoteSwiftPackageReference "firebase-ios-sdk" */;
			productName = FirebaseAnalytics;
		};
		6C546D7C8FE5A9537BB1B130 /* FirebaseFirestore */ = {
			isa = XCSwiftPackageProductDependency;
			package = 7D08528392925BE576849F11 /* XCRemoteSwiftPackageReference "firebase-ios-sdk" */;
			productName = FirebaseFirestore;
		};
		8EC1097CAE9654D20FD7806F /* PostHog */ = {
			isa = XCSwiftPackageProductDependency;
			package = 8EB0B9675BF78130B38B01B7 /* XCRemoteSwiftPackageReference "posthog-ios" */;
			productName = PostHog;
		};
		FF826BF9BD3ACDA2B4B657F1 /* FirebaseAuth */ = {
			isa = XCSwiftPackageProductDependency;
			package = 7D08528392925BE576849F11 /* XCRemoteSwiftPackageReference "firebase-ios-sdk" */;
			productName = FirebaseAuth;
		};
/* End XCSwiftPackageProductDependency section */
	};
	rootObject = A6FF49540713C0EB7C5B537C /* Project object */;
}
